// !$*UTF8*$!
{
	archiveVersion = 1;
	classes = {
	};
	objectVersion = 51;
	objects = {

/* Begin PBXBuildFile section */
		ED08671F2256DE3D00D36AA4 /* action.sks in Resources */ = {isa = PBXBuildFile; fileRef = ED08671E2256DE3D00D36AA4 /* action.sks */; };
		ED0B5FBC204A847D00524979 /* SongFinder.swift in Sources */ = {isa = PBXBuildFile; fileRef = ED0B5FBB204A847D00524979 /* SongFinder.swift */; };
		ED0CB21625FDC9D800B57428 /* Anal.swift in Sources */ = {isa = PBXBuildFile; fileRef = ED0CB21525FDC9D800B57428 /* Anal.swift */; };
		ED0EFC102661B5210006E7F9 /* keyboard_key.png in Resources */ = {isa = PBXBuildFile; fileRef = ED0EFC0F2661B5210006E7F9 /* keyboard_key.png */; };
		ED12650420649BAE002423A8 /* StarPower.swift in Sources */ = {isa = PBXBuildFile; fileRef = ED12650320649BAE002423A8 /* StarPower.swift */; };
		ED153706204297A300ADBA12 /* MIDIDevices.swift in Sources */ = {isa = PBXBuildFile; fileRef = ED153705204297A300ADBA12 /* MIDIDevices.swift */; };
		ED1665362033E3FC0099DE12 /* FZMIDI.swift in Sources */ = {isa = PBXBuildFile; fileRef = ED1665352033E3FC0099DE12 /* FZMIDI.swift */; };
		ED1CB7C925BE802900AD6D56 /* Octopus.swift in Sources */ = {isa = PBXBuildFile; fileRef = ED1CB7C825BE802900AD6D56 /* Octopus.swift */; };
		ED1E87CD265F18A900A80228 /* help_drums.png in Resources */ = {isa = PBXBuildFile; fileRef = ED1E87CC265F18A900A80228 /* help_drums.png */; };
		ED1F1E7C22B1CDC000B21883 /* Strings.swift in Sources */ = {isa = PBXBuildFile; fileRef = ED1F1E7B22B1CDC000B21883 /* Strings.swift */; };
		ED20376B2255D88300E3AC22 /* noart.jpg in Resources */ = {isa = PBXBuildFile; fileRef = ED20376A2255D88300E3AC22 /* noart.jpg */; };
		ED26C3C62055048200CFE29C /* OggNo.swift in Sources */ = {isa = PBXBuildFile; fileRef = ED26C3C52055048200CFE29C /* OggNo.swift */; };
		ED274DA321141BA000CC788C /* ChartIcons.swift in Sources */ = {isa = PBXBuildFile; fileRef = ED274DA221141BA000CC788C /* ChartIcons.swift */; };
		ED2903442058F8A0006BF673 /* scoredisplay.sks in Resources */ = {isa = PBXBuildFile; fileRef = ED2903432058F8A0006BF673 /* scoredisplay.sks */; };
		ED2AA00922B4838B00E61D89 /* SongMenu.swift in Sources */ = {isa = PBXBuildFile; fileRef = ED2AA00822B4838B00E61D89 /* SongMenu.swift */; };
		ED2AA00D22B4B53200E61D89 /* DrumStage.swift in Sources */ = {isa = PBXBuildFile; fileRef = ED2AA00C22B4B53200E61D89 /* DrumStage.swift */; };
		ED2AA00F22B4B8A000E61D89 /* GuitarStage.swift in Sources */ = {isa = PBXBuildFile; fileRef = ED2AA00E22B4B8A000E61D89 /* GuitarStage.swift */; };
		ED2FB5E122CFB2D200A4B484 /* NoteEntity.swift in Sources */ = {isa = PBXBuildFile; fileRef = ED2FB5E022CFB2D200A4B484 /* NoteEntity.swift */; };
		ED2FE4A522D5833600F18789 /* Drums.swift in Sources */ = {isa = PBXBuildFile; fileRef = ED2FE4A422D5833600F18789 /* Drums.swift */; };
		ED2FF7E8229A0AF6001B02C5 /* Jukebox.swift in Sources */ = {isa = PBXBuildFile; fileRef = ED2FF7E7229A0AF6001B02C5 /* Jukebox.swift */; };
		ED3EFCD220EF3AA10015701A /* PaceMaker.swift in Sources */ = {isa = PBXBuildFile; fileRef = ED3EFCD120EF3AA10015701A /* PaceMaker.swift */; };
		ED3FC50122422EFA00A87047 /* MyActions.sks in Resources */ = {isa = PBXBuildFile; fileRef = ED3FC50022422EFA00A87047 /* MyActions.sks */; };
		ED45BD19202CC5FC00E4A9AD /* AppDelegate.swift in Sources */ = {isa = PBXBuildFile; fileRef = ED45BD18202CC5FC00E4A9AD /* AppDelegate.swift */; };
		ED45BD1B202CC5FC00E4A9AD /* GameViewController.swift in Sources */ = {isa = PBXBuildFile; fileRef = ED45BD1A202CC5FC00E4A9AD /* GameViewController.swift */; };
		ED45BD1D202CC5FC00E4A9AD /* art.scnassets in Resources */ = {isa = PBXBuildFile; fileRef = ED45BD1C202CC5FC00E4A9AD /* art.scnassets */; };
		ED45BD1F202CC5FC00E4A9AD /* Assets.xcassets in Resources */ = {isa = PBXBuildFile; fileRef = ED45BD1E202CC5FC00E4A9AD /* Assets.xcassets */; };
		ED45BD22202CC5FC00E4A9AD /* Main.storyboard in Resources */ = {isa = PBXBuildFile; fileRef = ED45BD20202CC5FC00E4A9AD /* Main.storyboard */; };
		ED45BD39202CC69900E4A9AD /* GameView.swift in Sources */ = {isa = PBXBuildFile; fileRef = ED45BD38202CC69900E4A9AD /* GameView.swift */; };
		ED45BD3B202CC6DC00E4A9AD /* GemMaker.swift in Sources */ = {isa = PBXBuildFile; fileRef = ED45BD3A202CC6DC00E4A9AD /* GemMaker.swift */; };
		ED46318E20F3C64900EB1699 /* SwitchBoard.swift in Sources */ = {isa = PBXBuildFile; fileRef = ED46318D20F3C64900EB1699 /* SwitchBoard.swift */; };
		ED4A77E426025D54008ECCA9 /* SongLister.swift in Sources */ = {isa = PBXBuildFile; fileRef = ED4A77E326025D54008ECCA9 /* SongLister.swift */; };
		ED527E0822A44C6000C63A4D /* Actions.swift in Sources */ = {isa = PBXBuildFile; fileRef = ED527E0722A44C6000C63A4D /* Actions.swift */; };
		ED59D2AA24441D0000CF8617 /* catalog.xcdatamodeld in Sources */ = {isa = PBXBuildFile; fileRef = ED59D2A824441D0000CF8617 /* catalog.xcdatamodeld */; };
		ED5C68CE266079270081A557 /* Help.swift in Sources */ = {isa = PBXBuildFile; fileRef = ED5C68CD266079270081A557 /* Help.swift */; };
		ED69356B22ACE0AF00C35F78 /* Defaults.swift in Sources */ = {isa = PBXBuildFile; fileRef = ED69356A22ACE0AF00C35F78 /* Defaults.swift */; };
		ED6A3F1823D3E2350095117E /* SF-Pro-Text-Light.otf in Resources */ = {isa = PBXBuildFile; fileRef = ED6A3F1723D3E2350095117E /* SF-Pro-Text-Light.otf */; };
		ED6A3F1A23D3E3660095117E /* SF-Compact-Text-LightItalic.otf in Resources */ = {isa = PBXBuildFile; fileRef = ED6A3F1923D3E3660095117E /* SF-Compact-Text-LightItalic.otf */; };
		ED6A3F1C23D3E41E0095117E /* SF-Compact-Text-Medium.otf in Resources */ = {isa = PBXBuildFile; fileRef = ED6A3F1B23D3E41E0095117E /* SF-Compact-Text-Medium.otf */; };
		ED6A3F1E23D3E4820095117E /* SF-Pro-Text-Medium.otf in Resources */ = {isa = PBXBuildFile; fileRef = ED6A3F1D23D3E4820095117E /* SF-Pro-Text-Medium.otf */; };
		ED6A3F2023D3E4D00095117E /* SF-Compact-Text-MediumItalic.otf in Resources */ = {isa = PBXBuildFile; fileRef = ED6A3F1F23D3E4D00095117E /* SF-Compact-Text-MediumItalic.otf */; };
		ED6A3F2823D534D90095117E /* SongEntity.swift in Sources */ = {isa = PBXBuildFile; fileRef = ED6A3F2723D534D90095117E /* SongEntity.swift */; };
		ED758160241588ED00A59BF7 /* ScoreBoard.swift in Sources */ = {isa = PBXBuildFile; fileRef = ED75815F241588ED00A59BF7 /* ScoreBoard.swift */; };
		ED758162241588FF00A59BF7 /* ScoreManager.swift in Sources */ = {isa = PBXBuildFile; fileRef = ED758161241588FF00A59BF7 /* ScoreManager.swift */; };
		ED76762B22CE9FE500FA2C82 /* notes.swift in Sources */ = {isa = PBXBuildFile; fileRef = ED76762A22CE9FE500FA2C82 /* notes.swift */; };
		ED792E732601553B0045EDFE /* Shaders.swift in Sources */ = {isa = PBXBuildFile; fileRef = ED792E722601553B0045EDFE /* Shaders.swift */; };
		ED7E4C6C2297CA4400E084F1 /* TextureMover.swift in Sources */ = {isa = PBXBuildFile; fileRef = ED7E4C6B2297CA4400E084F1 /* TextureMover.swift */; };
		ED7EAC6B2050A124003F1A8E /* SongManager.swift in Sources */ = {isa = PBXBuildFile; fileRef = ED7EAC6A2050A124003F1A8E /* SongManager.swift */; };
		ED8198CE211CDA17001849F7 /* CoverArt.swift in Sources */ = {isa = PBXBuildFile; fileRef = ED8198CD211CDA17001849F7 /* CoverArt.swift */; };
		ED85A41C22BF412C00D0C94D /* CoreData.swift in Sources */ = {isa = PBXBuildFile; fileRef = ED85A41B22BF412C00D0C94D /* CoreData.swift */; };
		ED88608F225430D600E1A720 /* SF-Compact-Text-Light.otf in Resources */ = {isa = PBXBuildFile; fileRef = ED88608D225430D600E1A720 /* SF-Compact-Text-Light.otf */; };
		ED8B5151206ED4CB000DB769 /* ScoreKeeper.swift in Sources */ = {isa = PBXBuildFile; fileRef = ED8B5150206ED4CB000DB769 /* ScoreKeeper.swift */; };
		ED8C8A7E22815B5A00A95214 /* LoadingScreen.sks in Resources */ = {isa = PBXBuildFile; fileRef = ED8C8A7D22815B5A00A95214 /* LoadingScreen.sks */; };
		ED96C8C723DAD3E500D8B488 /* UpNext.swift in Sources */ = {isa = PBXBuildFile; fileRef = ED96C8C623DAD3E500D8B488 /* UpNext.swift */; };
		ED97F68020F1E373001FAAE0 /* TimeCode.swift in Sources */ = {isa = PBXBuildFile; fileRef = ED97F67F20F1E373001FAAE0 /* TimeCode.swift */; };
		ED99C5BA260471E100D92CFD /* MIKMIDI.framework in Frameworks */ = {isa = PBXBuildFile; fileRef = ED919EB120FB215F00AE499D /* MIKMIDI.framework */; };
		ED99C5BB260471E100D92CFD /* MIKMIDI.framework in Embed Frameworks */ = {isa = PBXBuildFile; fileRef = ED919EB120FB215F00AE499D /* MIKMIDI.framework */; settings = {ATTRIBUTES = (CodeSignOnCopy, RemoveHeadersOnCopy, ); }; };
		ED9A4C25204CDD8E0060DB17 /* titleDisplay.sks in Resources */ = {isa = PBXBuildFile; fileRef = ED9A4C24204CDD8E0060DB17 /* titleDisplay.sks */; };
		ED9BE13723CF8D310000EF6F /* Spherex.swift in Sources */ = {isa = PBXBuildFile; fileRef = ED9BE13623CF8D310000EF6F /* Spherex.swift */; };
		ED9BE2CE22CFCD0F00D7B9BC /* GKComponentSystem.swift in Sources */ = {isa = PBXBuildFile; fileRef = ED9BE2CD22CFCD0F00D7B9BC /* GKComponentSystem.swift */; };
		EDA0FC6622AC2406005D5DFA /* Instrument.swift in Sources */ = {isa = PBXBuildFile; fileRef = EDA0FC6522AC2406005D5DFA /* Instrument.swift */; };
		EDA0FC6822AC687D005D5DFA /* MusicSheet.swift in Sources */ = {isa = PBXBuildFile; fileRef = EDA0FC6722AC687D005D5DFA /* MusicSheet.swift */; };
		EDA42695242AAD3C005BC1D6 /* OCRAStd.otf in Resources */ = {isa = PBXBuildFile; fileRef = EDA42694242AAD3C005BC1D6 /* OCRAStd.otf */; };
		EDA86B212421664700DAF4F7 /* Analytics.swift in Sources */ = {isa = PBXBuildFile; fileRef = EDA86B202421664700DAF4F7 /* Analytics.swift */; };
		EDADB14222A8EB890055A98D /* gameStats.sks in Resources */ = {isa = PBXBuildFile; fileRef = EDADB14122A8EB890055A98D /* gameStats.sks */; };
		EDAE97F122D43052004A3DA7 /* DifficultyConfig.swift in Sources */ = {isa = PBXBuildFile; fileRef = EDAE97F022D43052004A3DA7 /* DifficultyConfig.swift */; };
		EDB2B99E22B2B74D001A57D1 /* StageManager.swift in Sources */ = {isa = PBXBuildFile; fileRef = EDB2B99D22B2B74D001A57D1 /* StageManager.swift */; };
		EDB2B9C022B30F4B001A57D1 /* SongMenuOverlay.swift in Sources */ = {isa = PBXBuildFile; fileRef = EDB2B9BF22B30F4B001A57D1 /* SongMenuOverlay.swift */; };
		EDB36DD522D2C06E00501DE2 /* StarNoteComponent.swift in Sources */ = {isa = PBXBuildFile; fileRef = EDB36DD422D2C06E00501DE2 /* StarNoteComponent.swift */; };
		EDB79421224203D10036AB69 /* Vocalist.swift in Sources */ = {isa = PBXBuildFile; fileRef = EDB79420224203D10036AB69 /* Vocalist.swift */; };
		EDBD45BB22C9D64F001DB5D4 /* PianoStage.swift in Sources */ = {isa = PBXBuildFile; fileRef = EDBD45BA22C9D64F001DB5D4 /* PianoStage.swift */; };
		EDBD45BD22C9DC14001DB5D4 /* KeyUpDel.swift in Sources */ = {isa = PBXBuildFile; fileRef = EDBD45BC22C9DC14001DB5D4 /* KeyUpDel.swift */; };
		EDC7379B22D6D7F100B227A1 /* ActivatorComponent.swift in Sources */ = {isa = PBXBuildFile; fileRef = EDC7379A22D6D7F100B227A1 /* ActivatorComponent.swift */; };
		EDC7379D22D6D87100B227A1 /* DrumTrigger.swift in Sources */ = {isa = PBXBuildFile; fileRef = EDC7379C22D6D87100B227A1 /* DrumTrigger.swift */; };
		EDC7379F22D6D8EF00B227A1 /* StringTriggers.swift in Sources */ = {isa = PBXBuildFile; fileRef = EDC7379E22D6D8EF00B227A1 /* StringTriggers.swift */; };
		EDC85A4422D147DD00D05BA1 /* TailComponent.swift in Sources */ = {isa = PBXBuildFile; fileRef = EDC85A4322D147DD00D05BA1 /* TailComponent.swift */; };
		EDCAA7F9224221C200A4856C /* VocalCoach.swift in Sources */ = {isa = PBXBuildFile; fileRef = EDCAA7F8224221C200A4856C /* VocalCoach.swift */; };
		EDCACDD620F59EB4008C6DA4 /* ControlInputs.swift in Sources */ = {isa = PBXBuildFile; fileRef = EDCACDD520F59EB4008C6DA4 /* ControlInputs.swift */; };
		EDD1295B26008B730036FCA1 /* Backdrop.swift in Sources */ = {isa = PBXBuildFile; fileRef = EDD1295A26008B730036FCA1 /* Backdrop.swift */; };
		EDD3F07822C846A800A51672 /* Track.swift in Sources */ = {isa = PBXBuildFile; fileRef = EDD3F07722C846A800A51672 /* Track.swift */; };
		EDD3F07B22C8747B00A51672 /* Burstable.swift in Sources */ = {isa = PBXBuildFile; fileRef = EDD3F07A22C8747B00A51672 /* Burstable.swift */; };
		EDEAD64E22543691003818A3 /* HoboStd.otf in Resources */ = {isa = PBXBuildFile; fileRef = EDEAD64D22543690003818A3 /* HoboStd.otf */; };
		EDEBC43F22A3187E00655BB9 /* icon.atlas in Resources */ = {isa = PBXBuildFile; fileRef = EDEBC43E22A3187D00655BB9 /* icon.atlas */; };
		EDEBF47120EDB12F0028B833 /* optionmenu.sks in Resources */ = {isa = PBXBuildFile; fileRef = EDEBF47020EDB12F0028B833 /* optionmenu.sks */; };
		EDED00DB22C9587300D3D804 /* Performing.swift in Sources */ = {isa = PBXBuildFile; fileRef = EDED00DA22C9587300D3D804 /* Performing.swift */; };
		EDF5320A22894937006F17AC /* Highway.swift in Sources */ = {isa = PBXBuildFile; fileRef = EDF5320922894937006F17AC /* Highway.swift */; };
		EDF71BA323F09C6300EEE4DE /* RowCall.swift in Sources */ = {isa = PBXBuildFile; fileRef = EDF71BA223F09C6300EEE4DE /* RowCall.swift */; };
		EDF83AC82285095800D07E7A /* KeyPaths.swift in Sources */ = {isa = PBXBuildFile; fileRef = EDF83AC72285095800D07E7A /* KeyPaths.swift */; };
		EDF8DE0621103D5E00F0BAE8 /* User.swift in Sources */ = {isa = PBXBuildFile; fileRef = EDF8DE0521103D5E00F0BAE8 /* User.swift */; };
		EDFB2D2325A9650000564689 /* OctopustComponent.swift in Sources */ = {isa = PBXBuildFile; fileRef = EDFB2D2225A9650000564689 /* OctopustComponent.swift */; };
/* End PBXBuildFile section */

/* Begin PBXCopyFilesBuildPhase section */
		ED99C5BC260471E100D92CFD /* Embed Frameworks */ = {
			isa = PBXCopyFilesBuildPhase;
			buildActionMask = 2147483647;
			dstPath = "";
			dstSubfolderSpec = 10;
			files = (
				ED99C5BB260471E100D92CFD /* MIKMIDI.framework in Embed Frameworks */,
			);
			name = "Embed Frameworks";
			runOnlyForDeploymentPostprocessing = 0;
		};
/* End PBXCopyFilesBuildPhase section */

/* Begin PBXFileReference section */
		ED08671E2256DE3D00D36AA4 /* action.sks */ = {isa = PBXFileReference; lastKnownFileType = file.sks; name = action.sks; path = "Rubber Band/resources/actions/action.sks"; sourceTree = SOURCE_ROOT; };
		ED0B5FBB204A847D00524979 /* SongFinder.swift */ = {isa = PBXFileReference; lastKnownFileType = sourcecode.swift; path = SongFinder.swift; sourceTree = "<group>"; };
		ED0CB21525FDC9D800B57428 /* Anal.swift */ = {isa = PBXFileReference; lastKnownFileType = sourcecode.swift; path = Anal.swift; sourceTree = "<group>"; };
		ED0EFC0F2661B5210006E7F9 /* keyboard_key.png */ = {isa = PBXFileReference; lastKnownFileType = image.png; path = keyboard_key.png; sourceTree = "<group>"; };
		ED12650320649BAE002423A8 /* StarPower.swift */ = {isa = PBXFileReference; lastKnownFileType = sourcecode.swift; path = StarPower.swift; sourceTree = "<group>"; };
		ED153705204297A300ADBA12 /* MIDIDevices.swift */ = {isa = PBXFileReference; lastKnownFileType = sourcecode.swift; path = MIDIDevices.swift; sourceTree = "<group>"; };
		ED1665352033E3FC0099DE12 /* FZMIDI.swift */ = {isa = PBXFileReference; lastKnownFileType = sourcecode.swift; path = FZMIDI.swift; sourceTree = "<group>"; };
		ED1CB7C825BE802900AD6D56 /* Octopus.swift */ = {isa = PBXFileReference; lastKnownFileType = sourcecode.swift; path = Octopus.swift; sourceTree = "<group>"; };
		ED1E87CC265F18A900A80228 /* help_drums.png */ = {isa = PBXFileReference; lastKnownFileType = image.png; path = help_drums.png; sourceTree = "<group>"; };
		ED1F1E7B22B1CDC000B21883 /* Strings.swift */ = {isa = PBXFileReference; lastKnownFileType = sourcecode.swift; path = Strings.swift; sourceTree = "<group>"; };
		ED20376A2255D88300E3AC22 /* noart.jpg */ = {isa = PBXFileReference; lastKnownFileType = image.jpeg; path = noart.jpg; sourceTree = "<group>"; };
		ED26C3C52055048200CFE29C /* OggNo.swift */ = {isa = PBXFileReference; lastKnownFileType = sourcecode.swift; path = OggNo.swift; sourceTree = "<group>"; };
		ED274DA221141BA000CC788C /* ChartIcons.swift */ = {isa = PBXFileReference; lastKnownFileType = sourcecode.swift; path = ChartIcons.swift; sourceTree = "<group>"; };
		ED2903432058F8A0006BF673 /* scoredisplay.sks */ = {isa = PBXFileReference; lastKnownFileType = file.sks; path = scoredisplay.sks; sourceTree = "<group>"; };
		ED2AA00822B4838B00E61D89 /* SongMenu.swift */ = {isa = PBXFileReference; lastKnownFileType = sourcecode.swift; path = SongMenu.swift; sourceTree = "<group>"; };
		ED2AA00C22B4B53200E61D89 /* DrumStage.swift */ = {isa = PBXFileReference; lastKnownFileType = sourcecode.swift; path = DrumStage.swift; sourceTree = "<group>"; };
		ED2AA00E22B4B8A000E61D89 /* GuitarStage.swift */ = {isa = PBXFileReference; lastKnownFileType = sourcecode.swift; path = GuitarStage.swift; sourceTree = "<group>"; };
		ED2FB5E022CFB2D200A4B484 /* NoteEntity.swift */ = {isa = PBXFileReference; lastKnownFileType = sourcecode.swift; path = NoteEntity.swift; sourceTree = "<group>"; };
		ED2FE4A422D5833600F18789 /* Drums.swift */ = {isa = PBXFileReference; lastKnownFileType = sourcecode.swift; path = Drums.swift; sourceTree = "<group>"; };
		ED2FF7E7229A0AF6001B02C5 /* Jukebox.swift */ = {isa = PBXFileReference; lastKnownFileType = sourcecode.swift; path = Jukebox.swift; sourceTree = "<group>"; };
		ED3EFCD120EF3AA10015701A /* PaceMaker.swift */ = {isa = PBXFileReference; lastKnownFileType = sourcecode.swift; path = PaceMaker.swift; sourceTree = "<group>"; };
		ED3FC50022422EFA00A87047 /* MyActions.sks */ = {isa = PBXFileReference; lastKnownFileType = file.sks; path = MyActions.sks; sourceTree = "<group>"; };
		ED45BD15202CC5FC00E4A9AD /* noice.app */ = {isa = PBXFileReference; explicitFileType = wrapper.application; includeInIndex = 0; path = noice.app; sourceTree = BUILT_PRODUCTS_DIR; };
		ED45BD18202CC5FC00E4A9AD /* AppDelegate.swift */ = {isa = PBXFileReference; lastKnownFileType = sourcecode.swift; path = AppDelegate.swift; sourceTree = "<group>"; };
		ED45BD1A202CC5FC00E4A9AD /* GameViewController.swift */ = {isa = PBXFileReference; lastKnownFileType = sourcecode.swift; path = GameViewController.swift; sourceTree = "<group>"; };
		ED45BD1C202CC5FC00E4A9AD /* art.scnassets */ = {isa = PBXFileReference; lastKnownFileType = wrapper.scnassets; path = art.scnassets; sourceTree = "<group>"; };
		ED45BD1E202CC5FC00E4A9AD /* Assets.xcassets */ = {isa = PBXFileReference; lastKnownFileType = folder.assetcatalog; path = Assets.xcassets; sourceTree = "<group>"; };
		ED45BD21202CC5FC00E4A9AD /* Base */ = {isa = PBXFileReference; lastKnownFileType = file.storyboard; name = Base; path = Base.lproj/Main.storyboard; sourceTree = "<group>"; };
		ED45BD23202CC5FC00E4A9AD /* Info.plist */ = {isa = PBXFileReference; lastKnownFileType = text.plist.xml; path = Info.plist; sourceTree = "<group>"; };
		ED45BD38202CC69900E4A9AD /* GameView.swift */ = {isa = PBXFileReference; lastKnownFileType = sourcecode.swift; path = GameView.swift; sourceTree = "<group>"; };
		ED45BD3A202CC6DC00E4A9AD /* GemMaker.swift */ = {isa = PBXFileReference; lastKnownFileType = sourcecode.swift; path = GemMaker.swift; sourceTree = "<group>"; };
		ED46318D20F3C64900EB1699 /* SwitchBoard.swift */ = {isa = PBXFileReference; lastKnownFileType = sourcecode.swift; path = SwitchBoard.swift; sourceTree = "<group>"; };
		ED4A77E326025D54008ECCA9 /* SongLister.swift */ = {isa = PBXFileReference; lastKnownFileType = sourcecode.swift; path = SongLister.swift; sourceTree = "<group>"; };
		ED527E0722A44C6000C63A4D /* Actions.swift */ = {isa = PBXFileReference; lastKnownFileType = sourcecode.swift; path = Actions.swift; sourceTree = "<group>"; };
		ED59D2A924441D0000CF8617 /* catalog.xcdatamodel */ = {isa = PBXFileReference; lastKnownFileType = wrapper.xcdatamodel; path = catalog.xcdatamodel; sourceTree = "<group>"; };
		ED5C68CD266079270081A557 /* Help.swift */ = {isa = PBXFileReference; lastKnownFileType = sourcecode.swift; path = Help.swift; sourceTree = "<group>"; };
		ED655843245F5A170035EFCB /* noiceDebug.entitlements */ = {isa = PBXFileReference; lastKnownFileType = text.plist.entitlements; path = noiceDebug.entitlements; sourceTree = "<group>"; };
		ED69356A22ACE0AF00C35F78 /* Defaults.swift */ = {isa = PBXFileReference; lastKnownFileType = sourcecode.swift; path = Defaults.swift; sourceTree = "<group>"; };
		ED6A3F1723D3E2350095117E /* SF-Pro-Text-Light.otf */ = {isa = PBXFileReference; lastKnownFileType = file; path = "SF-Pro-Text-Light.otf"; sourceTree = "<group>"; };
		ED6A3F1923D3E3660095117E /* SF-Compact-Text-LightItalic.otf */ = {isa = PBXFileReference; lastKnownFileType = file; path = "SF-Compact-Text-LightItalic.otf"; sourceTree = "<group>"; };
		ED6A3F1B23D3E41E0095117E /* SF-Compact-Text-Medium.otf */ = {isa = PBXFileReference; lastKnownFileType = file; path = "SF-Compact-Text-Medium.otf"; sourceTree = "<group>"; };
		ED6A3F1D23D3E4820095117E /* SF-Pro-Text-Medium.otf */ = {isa = PBXFileReference; lastKnownFileType = file; path = "SF-Pro-Text-Medium.otf"; sourceTree = "<group>"; };
		ED6A3F1F23D3E4D00095117E /* SF-Compact-Text-MediumItalic.otf */ = {isa = PBXFileReference; lastKnownFileType = file; path = "SF-Compact-Text-MediumItalic.otf"; sourceTree = "<group>"; };
		ED6A3F2723D534D90095117E /* SongEntity.swift */ = {isa = PBXFileReference; lastKnownFileType = sourcecode.swift; path = SongEntity.swift; sourceTree = "<group>"; };
		ED75815F241588ED00A59BF7 /* ScoreBoard.swift */ = {isa = PBXFileReference; lastKnownFileType = sourcecode.swift; path = ScoreBoard.swift; sourceTree = "<group>"; };
		ED758161241588FF00A59BF7 /* ScoreManager.swift */ = {isa = PBXFileReference; lastKnownFileType = sourcecode.swift; path = ScoreManager.swift; sourceTree = "<group>"; };
		ED76762A22CE9FE500FA2C82 /* notes.swift */ = {isa = PBXFileReference; lastKnownFileType = sourcecode.swift; path = notes.swift; sourceTree = "<group>"; };
		ED77F6D22055C86D004CD1E4 /* RubberBand-Bridging-Header.h */ = {isa = PBXFileReference; lastKnownFileType = sourcecode.c.h; path = "RubberBand-Bridging-Header.h"; sourceTree = "<group>"; };
		ED792E722601553B0045EDFE /* Shaders.swift */ = {isa = PBXFileReference; lastKnownFileType = sourcecode.swift; path = Shaders.swift; sourceTree = "<group>"; };
		ED7E4C6B2297CA4400E084F1 /* TextureMover.swift */ = {isa = PBXFileReference; lastKnownFileType = sourcecode.swift; path = TextureMover.swift; sourceTree = "<group>"; };
		ED7EAC6A2050A124003F1A8E /* SongManager.swift */ = {isa = PBXFileReference; lastKnownFileType = sourcecode.swift; path = SongManager.swift; sourceTree = "<group>"; };
		ED8198CD211CDA17001849F7 /* CoverArt.swift */ = {isa = PBXFileReference; lastKnownFileType = sourcecode.swift; path = CoverArt.swift; sourceTree = "<group>"; };
		ED85A41B22BF412C00D0C94D /* CoreData.swift */ = {isa = PBXFileReference; lastKnownFileType = sourcecode.swift; path = CoreData.swift; sourceTree = "<group>"; };
		ED88608D225430D600E1A720 /* SF-Compact-Text-Light.otf */ = {isa = PBXFileReference; lastKnownFileType = file; path = "SF-Compact-Text-Light.otf"; sourceTree = "<group>"; };
		ED8B5150206ED4CB000DB769 /* ScoreKeeper.swift */ = {isa = PBXFileReference; lastKnownFileType = sourcecode.swift; path = ScoreKeeper.swift; sourceTree = "<group>"; };
		ED8C8A7D22815B5A00A95214 /* LoadingScreen.sks */ = {isa = PBXFileReference; lastKnownFileType = file.sks; path = LoadingScreen.sks; sourceTree = "<group>"; };
		ED919EB120FB215F00AE499D /* MIKMIDI.framework */ = {isa = PBXFileReference; lastKnownFileType = wrapper.framework; path = MIKMIDI.framework; sourceTree = "<group>"; };
		ED96C8C623DAD3E500D8B488 /* UpNext.swift */ = {isa = PBXFileReference; lastKnownFileType = sourcecode.swift; path = UpNext.swift; sourceTree = "<group>"; };
		ED97F67F20F1E373001FAAE0 /* TimeCode.swift */ = {isa = PBXFileReference; lastKnownFileType = sourcecode.swift; path = TimeCode.swift; sourceTree = "<group>"; };
		ED9A4C24204CDD8E0060DB17 /* titleDisplay.sks */ = {isa = PBXFileReference; lastKnownFileType = file.sks; path = titleDisplay.sks; sourceTree = "<group>"; };
		ED9BE13623CF8D310000EF6F /* Spherex.swift */ = {isa = PBXFileReference; lastKnownFileType = sourcecode.swift; name = Spherex.swift; path = "/Users/fernando/Library/Mobile Documents/com~apple~CloudDocs/Development/xcode/Rubberband/RubberBand/Rubber Band/GamePlay/Spherex.swift"; sourceTree = "<absolute>"; };
		ED9BE2CD22CFCD0F00D7B9BC /* GKComponentSystem.swift */ = {isa = PBXFileReference; lastKnownFileType = sourcecode.swift; path = GKComponentSystem.swift; sourceTree = "<group>"; };
		EDA0FC6522AC2406005D5DFA /* Instrument.swift */ = {isa = PBXFileReference; lastKnownFileType = sourcecode.swift; path = Instrument.swift; sourceTree = "<group>"; };
		EDA0FC6722AC687D005D5DFA /* MusicSheet.swift */ = {isa = PBXFileReference; lastKnownFileType = sourcecode.swift; path = MusicSheet.swift; sourceTree = "<group>"; };
		EDA42694242AAD3C005BC1D6 /* OCRAStd.otf */ = {isa = PBXFileReference; lastKnownFileType = file; path = OCRAStd.otf; sourceTree = "<group>"; };
		EDA86B202421664700DAF4F7 /* Analytics.swift */ = {isa = PBXFileReference; lastKnownFileType = sourcecode.swift; path = Analytics.swift; sourceTree = "<group>"; };
		EDADB14122A8EB890055A98D /* gameStats.sks */ = {isa = PBXFileReference; lastKnownFileType = file.sks; path = gameStats.sks; sourceTree = "<group>"; };
		EDAE97F022D43052004A3DA7 /* DifficultyConfig.swift */ = {isa = PBXFileReference; fileEncoding = 4; lastKnownFileType = sourcecode.swift; path = DifficultyConfig.swift; sourceTree = "<group>"; };
		EDB2B99D22B2B74D001A57D1 /* StageManager.swift */ = {isa = PBXFileReference; lastKnownFileType = sourcecode.swift; path = StageManager.swift; sourceTree = "<group>"; };
		EDB2B9BF22B30F4B001A57D1 /* SongMenuOverlay.swift */ = {isa = PBXFileReference; lastKnownFileType = sourcecode.swift; path = SongMenuOverlay.swift; sourceTree = "<group>"; };
		EDB36DD422D2C06E00501DE2 /* StarNoteComponent.swift */ = {isa = PBXFileReference; lastKnownFileType = sourcecode.swift; path = StarNoteComponent.swift; sourceTree = "<group>"; };
		EDB79420224203D10036AB69 /* Vocalist.swift */ = {isa = PBXFileReference; lastKnownFileType = sourcecode.swift; path = Vocalist.swift; sourceTree = "<group>"; };
		EDBD45BA22C9D64F001DB5D4 /* PianoStage.swift */ = {isa = PBXFileReference; lastKnownFileType = sourcecode.swift; path = PianoStage.swift; sourceTree = "<group>"; };
		EDBD45BC22C9DC14001DB5D4 /* KeyUpDel.swift */ = {isa = PBXFileReference; lastKnownFileType = sourcecode.swift; path = KeyUpDel.swift; sourceTree = "<group>"; };
		EDC7379A22D6D7F100B227A1 /* ActivatorComponent.swift */ = {isa = PBXFileReference; fileEncoding = 4; lastKnownFileType = sourcecode.swift; path = ActivatorComponent.swift; sourceTree = "<group>"; };
		EDC7379C22D6D87100B227A1 /* DrumTrigger.swift */ = {isa = PBXFileReference; fileEncoding = 4; lastKnownFileType = sourcecode.swift; path = DrumTrigger.swift; sourceTree = "<group>"; };
		EDC7379E22D6D8EF00B227A1 /* StringTriggers.swift */ = {isa = PBXFileReference; fileEncoding = 4; lastKnownFileType = sourcecode.swift; path = StringTriggers.swift; sourceTree = "<group>"; };
		EDC85A4322D147DD00D05BA1 /* TailComponent.swift */ = {isa = PBXFileReference; lastKnownFileType = sourcecode.swift; path = TailComponent.swift; sourceTree = "<group>"; };
		EDCAA7F8224221C200A4856C /* VocalCoach.swift */ = {isa = PBXFileReference; lastKnownFileType = sourcecode.swift; path = VocalCoach.swift; sourceTree = "<group>"; };
		EDCACDD520F59EB4008C6DA4 /* ControlInputs.swift */ = {isa = PBXFileReference; lastKnownFileType = sourcecode.swift; path = ControlInputs.swift; sourceTree = "<group>"; };
		EDD1295A26008B730036FCA1 /* Backdrop.swift */ = {isa = PBXFileReference; lastKnownFileType = sourcecode.swift; path = Backdrop.swift; sourceTree = "<group>"; };
		EDD3F07722C846A800A51672 /* Track.swift */ = {isa = PBXFileReference; lastKnownFileType = sourcecode.swift; path = Track.swift; sourceTree = "<group>"; };
		EDD3F07A22C8747B00A51672 /* Burstable.swift */ = {isa = PBXFileReference; lastKnownFileType = sourcecode.swift; path = Burstable.swift; sourceTree = "<group>"; };
		EDE5D21F2442FB20008D0B33 /* noiceRelease.entitlements */ = {isa = PBXFileReference; lastKnownFileType = text.plist.entitlements; path = noiceRelease.entitlements; sourceTree = "<group>"; };
		EDEAD64D22543690003818A3 /* HoboStd.otf */ = {isa = PBXFileReference; lastKnownFileType = file; path = HoboStd.otf; sourceTree = "<group>"; };
		EDEBC43E22A3187D00655BB9 /* icon.atlas */ = {isa = PBXFileReference; lastKnownFileType = folder.skatlas; path = icon.atlas; sourceTree = "<group>"; };
		EDEBF47020EDB12F0028B833 /* optionmenu.sks */ = {isa = PBXFileReference; lastKnownFileType = file.sks; path = optionmenu.sks; sourceTree = "<group>"; };
		EDED00DA22C9587300D3D804 /* Performing.swift */ = {isa = PBXFileReference; lastKnownFileType = sourcecode.swift; path = Performing.swift; sourceTree = "<group>"; };
		EDF5320922894937006F17AC /* Highway.swift */ = {isa = PBXFileReference; lastKnownFileType = sourcecode.swift; path = Highway.swift; sourceTree = "<group>"; };
		EDF71BA223F09C6300EEE4DE /* RowCall.swift */ = {isa = PBXFileReference; lastKnownFileType = sourcecode.swift; path = RowCall.swift; sourceTree = "<group>"; };
		EDF83AC72285095800D07E7A /* KeyPaths.swift */ = {isa = PBXFileReference; lastKnownFileType = sourcecode.swift; path = KeyPaths.swift; sourceTree = "<group>"; };
		EDF8DE0521103D5E00F0BAE8 /* User.swift */ = {isa = PBXFileReference; lastKnownFileType = sourcecode.swift; path = User.swift; sourceTree = "<group>"; };
		EDFB2D2225A9650000564689 /* OctopustComponent.swift */ = {isa = PBXFileReference; lastKnownFileType = sourcecode.swift; path = OctopustComponent.swift; sourceTree = "<group>"; };
/* End PBXFileReference section */

/* Begin PBXFrameworksBuildPhase section */
		ED45BD12202CC5FC00E4A9AD /* Frameworks */ = {
			isa = PBXFrameworksBuildPhase;
			buildActionMask = 2147483647;
			files = (
				ED99C5BA260471E100D92CFD /* MIKMIDI.framework in Frameworks */,
			);
			runOnlyForDeploymentPostprocessing = 0;
		};
/* End PBXFrameworksBuildPhase section */

/* Begin PBXGroup section */
		ED1CB7C725BE801300AD6D56 /* fun stuff */ = {
			isa = PBXGroup;
			children = (
				ED1CB7C825BE802900AD6D56 /* Octopus.swift */,
			);
			path = "fun stuff";
			sourceTree = "<group>";
		};
		ED2037682255D4E600E3AC22 /* resources */ = {
			isa = PBXGroup;
			children = (
				ED9A4C23204CDCF10060DB17 /* gui */,
				ED527E0622A44C3D00C63A4D /* actions */,
				EDEBC43E22A3187D00655BB9 /* icon.atlas */,
				ED2037692255D87600E3AC22 /* textures */,
				ED88608C22542E8800E1A720 /* Fonts */,
			);
			path = resources;
			sourceTree = "<group>";
		};
		ED2037692255D87600E3AC22 /* textures */ = {
			isa = PBXGroup;
			children = (
				ED0EFC0F2661B5210006E7F9 /* keyboard_key.png */,
				ED1E87CC265F18A900A80228 /* help_drums.png */,
				ED20376A2255D88300E3AC22 /* noart.jpg */,
			);
			path = textures;
			sourceTree = "<group>";
		};
		ED28BC69203960EF001C4E14 /* Frameworks */ = {
			isa = PBXGroup;
			children = (
				ED919EB120FB215F00AE499D /* MIKMIDI.framework */,
			);
			path = Frameworks;
			sourceTree = "<group>";
		};
		ED2FB5DF22CFB23A00A4B484 /* Components */ = {
			isa = PBXGroup;
			children = (
				ED2FB5E022CFB2D200A4B484 /* NoteEntity.swift */,
				EDFB2D2225A9650000564689 /* OctopustComponent.swift */,
				ED6A3F2723D534D90095117E /* SongEntity.swift */,
				EDC85A4322D147DD00D05BA1 /* TailComponent.swift */,
				EDB36DD422D2C06E00501DE2 /* StarNoteComponent.swift */,
				EDC7379A22D6D7F100B227A1 /* ActivatorComponent.swift */,
				ED9BE2CD22CFCD0F00D7B9BC /* GKComponentSystem.swift */,
			);
			path = Components;
			sourceTree = "<group>";
		};
		ED2FF7E6229A0AD3001B02C5 /* Playback */ = {
			isa = PBXGroup;
			children = (
				ED26C3C52055048200CFE29C /* OggNo.swift */,
				ED2FF7E7229A0AF6001B02C5 /* Jukebox.swift */,
			);
			path = Playback;
			sourceTree = "<group>";
		};
		ED45BD0C202CC5FC00E4A9AD = {
			isa = PBXGroup;
			children = (
				ED655843245F5A170035EFCB /* noiceDebug.entitlements */,
				EDE5D21F2442FB20008D0B33 /* noiceRelease.entitlements */,
				ED59D2A824441D0000CF8617 /* catalog.xcdatamodeld */,
				ED28BC69203960EF001C4E14 /* Frameworks */,
				ED45BD17202CC5FC00E4A9AD /* Rubber Band */,
				ED45BD16202CC5FC00E4A9AD /* Products */,
			);
			sourceTree = "<group>";
		};
		ED45BD16202CC5FC00E4A9AD /* Products */ = {
			isa = PBXGroup;
			children = (
				ED45BD15202CC5FC00E4A9AD /* noice.app */,
			);
			name = Products;
			sourceTree = "<group>";
		};
		ED45BD17202CC5FC00E4A9AD /* Rubber Band */ = {
			isa = PBXGroup;
			children = (
				ED1CB7C725BE801300AD6D56 /* fun stuff */,
				ED45BD20202CC5FC00E4A9AD /* Main.storyboard */,
				ED76762A22CE9FE500FA2C82 /* notes.swift */,
				ED45BD38202CC69900E4A9AD /* GameView.swift */,
				ED45BD1A202CC5FC00E4A9AD /* GameViewController.swift */,
				ED45BD18202CC5FC00E4A9AD /* AppDelegate.swift */,
				ED45BD1E202CC5FC00E4A9AD /* Assets.xcassets */,
				ED45BD1C202CC5FC00E4A9AD /* art.scnassets */,
				ED2037682255D4E600E3AC22 /* resources */,
				ED2FB5DF22CFB23A00A4B484 /* Components */,
				EDB2B99C22B2B72A001A57D1 /* Scenes */,
				ED2FF7E6229A0AD3001B02C5 /* Playback */,
				EDF6EA81229CD35D008E4E12 /* Cover Flow */,
				EDF6EA82229CD3D0008E4E12 /* MIDI */,
				EDD3F07922C8744C00A51672 /* triggers */,
				EDF6EA83229CD47F008E4E12 /* GamePlay */,
				ED7E4C6B2297CA4400E084F1 /* TextureMover.swift */,
				EDA0FC6422AC23C8005D5DFA /* Input Devices */,
				ED69356922ACE08C00C35F78 /* User Data */,
				ED45BD23202CC5FC00E4A9AD /* Info.plist */,
				ED77F6D22055C86D004CD1E4 /* RubberBand-Bridging-Header.h */,
			);
			path = "Rubber Band";
			sourceTree = "<group>";
		};
		ED527E0622A44C3D00C63A4D /* actions */ = {
			isa = PBXGroup;
			children = (
				ED3FC50022422EFA00A87047 /* MyActions.sks */,
				ED08671E2256DE3D00D36AA4 /* action.sks */,
				ED527E0722A44C6000C63A4D /* Actions.swift */,
			);
			path = actions;
			sourceTree = "<group>";
		};
		ED69356922ACE08C00C35F78 /* User Data */ = {
			isa = PBXGroup;
			children = (
				EDF83AC72285095800D07E7A /* KeyPaths.swift */,
				EDF8DE0521103D5E00F0BAE8 /* User.swift */,
				ED69356A22ACE0AF00C35F78 /* Defaults.swift */,
				ED85A41B22BF412C00D0C94D /* CoreData.swift */,
				EDA86B202421664700DAF4F7 /* Analytics.swift */,
				ED0CB21525FDC9D800B57428 /* Anal.swift */,
			);
			path = "User Data";
			sourceTree = "<group>";
		};
		ED88608C22542E8800E1A720 /* Fonts */ = {
			isa = PBXGroup;
			children = (
				EDA42694242AAD3C005BC1D6 /* OCRAStd.otf */,
				EDEAD64D22543690003818A3 /* HoboStd.otf */,
				ED6A3F1723D3E2350095117E /* SF-Pro-Text-Light.otf */,
				ED6A3F1D23D3E4820095117E /* SF-Pro-Text-Medium.otf */,
				ED6A3F1B23D3E41E0095117E /* SF-Compact-Text-Medium.otf */,
				ED6A3F1F23D3E4D00095117E /* SF-Compact-Text-MediumItalic.otf */,
				ED88608D225430D600E1A720 /* SF-Compact-Text-Light.otf */,
				ED6A3F1923D3E3660095117E /* SF-Compact-Text-LightItalic.otf */,
			);
			path = Fonts;
			sourceTree = "<group>";
		};
		ED9A4C23204CDCF10060DB17 /* gui */ = {
			isa = PBXGroup;
			children = (
				EDEBF47020EDB12F0028B833 /* optionmenu.sks */,
				ED2903432058F8A0006BF673 /* scoredisplay.sks */,
				ED9A4C24204CDD8E0060DB17 /* titleDisplay.sks */,
				ED8C8A7D22815B5A00A95214 /* LoadingScreen.sks */,
				EDADB14122A8EB890055A98D /* gameStats.sks */,
			);
			path = gui;
			sourceTree = "<group>";
		};
		EDA0FC6422AC23C8005D5DFA /* Input Devices */ = {
			isa = PBXGroup;
			children = (
				EDAE97F022D43052004A3DA7 /* DifficultyConfig.swift */,
				EDCACDD520F59EB4008C6DA4 /* ControlInputs.swift */,
				EDA0FC6522AC2406005D5DFA /* Instrument.swift */,
			);
			path = "Input Devices";
			sourceTree = "<group>";
		};
		EDB2B99C22B2B72A001A57D1 /* Scenes */ = {
			isa = PBXGroup;
			children = (
				EDB2B99D22B2B74D001A57D1 /* StageManager.swift */,
				EDB2B9BF22B30F4B001A57D1 /* SongMenuOverlay.swift */,
				ED2AA00822B4838B00E61D89 /* SongMenu.swift */,
				ED2AA00C22B4B53200E61D89 /* DrumStage.swift */,
				ED2AA00E22B4B8A000E61D89 /* GuitarStage.swift */,
				EDBD45BA22C9D64F001DB5D4 /* PianoStage.swift */,
				EDD3F07722C846A800A51672 /* Track.swift */,
				EDED00DA22C9587300D3D804 /* Performing.swift */,
				EDD1295A26008B730036FCA1 /* Backdrop.swift */,
				ED792E722601553B0045EDFE /* Shaders.swift */,
			);
			path = Scenes;
			sourceTree = "<group>";
		};
		EDD3F07922C8744C00A51672 /* triggers */ = {
			isa = PBXGroup;
			children = (
				EDC7379E22D6D8EF00B227A1 /* StringTriggers.swift */,
				EDC7379C22D6D87100B227A1 /* DrumTrigger.swift */,
				EDD3F07A22C8747B00A51672 /* Burstable.swift */,
				EDBD45BC22C9DC14001DB5D4 /* KeyUpDel.swift */,
			);
			path = triggers;
			sourceTree = "<group>";
		};
		EDF6EA81229CD35D008E4E12 /* Cover Flow */ = {
			isa = PBXGroup;
			children = (
				ED0B5FBB204A847D00524979 /* SongFinder.swift */,
				ED7EAC6A2050A124003F1A8E /* SongManager.swift */,
				EDF71BA223F09C6300EEE4DE /* RowCall.swift */,
				ED8198CD211CDA17001849F7 /* CoverArt.swift */,
				ED4A77E326025D54008ECCA9 /* SongLister.swift */,
				ED96C8C623DAD3E500D8B488 /* UpNext.swift */,
				ED274DA221141BA000CC788C /* ChartIcons.swift */,
				ED5C68CD266079270081A557 /* Help.swift */,
			);
			path = "Cover Flow";
			sourceTree = "<group>";
		};
		EDF6EA82229CD3D0008E4E12 /* MIDI */ = {
			isa = PBXGroup;
			children = (
				EDA0FC6722AC687D005D5DFA /* MusicSheet.swift */,
				ED1F1E7B22B1CDC000B21883 /* Strings.swift */,
				ED2FE4A422D5833600F18789 /* Drums.swift */,
				EDB79420224203D10036AB69 /* Vocalist.swift */,
				ED97F67F20F1E373001FAAE0 /* TimeCode.swift */,
				ED3EFCD120EF3AA10015701A /* PaceMaker.swift */,
				ED1665352033E3FC0099DE12 /* FZMIDI.swift */,
				ED153705204297A300ADBA12 /* MIDIDevices.swift */,
				ED45BD3A202CC6DC00E4A9AD /* GemMaker.swift */,
			);
			path = MIDI;
			sourceTree = "<group>";
		};
		EDF6EA83229CD47F008E4E12 /* GamePlay */ = {
			isa = PBXGroup;
			children = (
				ED46318D20F3C64900EB1699 /* SwitchBoard.swift */,
				ED8B5150206ED4CB000DB769 /* ScoreKeeper.swift */,
				ED75815F241588ED00A59BF7 /* ScoreBoard.swift */,
				ED758161241588FF00A59BF7 /* ScoreManager.swift */,
				ED12650320649BAE002423A8 /* StarPower.swift */,
				EDF5320922894937006F17AC /* Highway.swift */,
				ED9BE13623CF8D310000EF6F /* Spherex.swift */,
				EDCAA7F8224221C200A4856C /* VocalCoach.swift */,
			);
			path = GamePlay;
			sourceTree = "<group>";
		};
/* End PBXGroup section */

/* Begin PBXNativeTarget section */
		ED45BD14202CC5FC00E4A9AD /* noice */ = {
			isa = PBXNativeTarget;
			buildConfigurationList = ED45BD32202CC5FC00E4A9AD /* Build configuration list for PBXNativeTarget "noice" */;
			buildPhases = (
				ED45BD11202CC5FC00E4A9AD /* Sources */,
				ED45BD12202CC5FC00E4A9AD /* Frameworks */,
				ED45BD13202CC5FC00E4A9AD /* Resources */,
				ED99C5BC260471E100D92CFD /* Embed Frameworks */,
			);
			buildRules = (
			);
			dependencies = (
			);
			name = noice;
			productName = "Rubber Band";
			productReference = ED45BD15202CC5FC00E4A9AD /* noice.app */;
			productType = "com.apple.product-type.application";
		};
/* End PBXNativeTarget section */

/* Begin PBXProject section */
		ED45BD0D202CC5FC00E4A9AD /* Project object */ = {
			isa = PBXProject;
			attributes = {
				LastSwiftUpdateCheck = 0920;
				LastUpgradeCheck = 1240;
				ORGANIZATIONNAME = Artecolote;
				TargetAttributes = {
					ED45BD14202CC5FC00E4A9AD = {
						CreatedOnToolsVersion = 9.2;
						LastSwiftMigration = 1020;
						SystemCapabilities = {
							com.apple.Sandbox = {
								enabled = 1;
							};
						};
					};
				};
			};
			buildConfigurationList = ED45BD10202CC5FC00E4A9AD /* Build configuration list for PBXProject "noice" */;
			compatibilityVersion = "Xcode 10.0";
			developmentRegion = en;
			hasScannedForEncodings = 0;
			knownRegions = (
				en,
				Base,
			);
			mainGroup = ED45BD0C202CC5FC00E4A9AD;
			productRefGroup = ED45BD16202CC5FC00E4A9AD /* Products */;
			projectDirPath = "";
			projectRoot = "";
			targets = (
				ED45BD14202CC5FC00E4A9AD /* noice */,
			);
		};
/* End PBXProject section */

/* Begin PBXResourcesBuildPhase section */
		ED45BD13202CC5FC00E4A9AD /* Resources */ = {
			isa = PBXResourcesBuildPhase;
			buildActionMask = 2147483647;
			files = (
				ED45BD22202CC5FC00E4A9AD /* Main.storyboard in Resources */,
				ED2903442058F8A0006BF673 /* scoredisplay.sks in Resources */,
				EDADB14222A8EB890055A98D /* gameStats.sks in Resources */,
				ED9A4C25204CDD8E0060DB17 /* titleDisplay.sks in Resources */,
				ED08671F2256DE3D00D36AA4 /* action.sks in Resources */,
				EDEBC43F22A3187E00655BB9 /* icon.atlas in Resources */,
				ED88608F225430D600E1A720 /* SF-Compact-Text-Light.otf in Resources */,
				ED3FC50122422EFA00A87047 /* MyActions.sks in Resources */,
				ED1E87CD265F18A900A80228 /* help_drums.png in Resources */,
				EDEBF47120EDB12F0028B833 /* optionmenu.sks in Resources */,
				ED8C8A7E22815B5A00A95214 /* LoadingScreen.sks in Resources */,
				ED20376B2255D88300E3AC22 /* noart.jpg in Resources */,
				ED0EFC102661B5210006E7F9 /* keyboard_key.png in Resources */,
				ED6A3F1823D3E2350095117E /* SF-Pro-Text-Light.otf in Resources */,
				ED6A3F1C23D3E41E0095117E /* SF-Compact-Text-Medium.otf in Resources */,
				EDA42695242AAD3C005BC1D6 /* OCRAStd.otf in Resources */,
				ED45BD1F202CC5FC00E4A9AD /* Assets.xcassets in Resources */,
				EDEAD64E22543691003818A3 /* HoboStd.otf in Resources */,
				ED6A3F2023D3E4D00095117E /* SF-Compact-Text-MediumItalic.otf in Resources */,
				ED6A3F1A23D3E3660095117E /* SF-Compact-Text-LightItalic.otf in Resources */,
				ED6A3F1E23D3E4820095117E /* SF-Pro-Text-Medium.otf in Resources */,
				ED45BD1D202CC5FC00E4A9AD /* art.scnassets in Resources */,
			);
			runOnlyForDeploymentPostprocessing = 0;
		};
/* End PBXResourcesBuildPhase section */

/* Begin PBXSourcesBuildPhase section */
		ED45BD11202CC5FC00E4A9AD /* Sources */ = {
			isa = PBXSourcesBuildPhase;
			buildActionMask = 2147483647;
			files = (
				ED6A3F2823D534D90095117E /* SongEntity.swift in Sources */,
				ED153706204297A300ADBA12 /* MIDIDevices.swift in Sources */,
				EDFB2D2325A9650000564689 /* OctopustComponent.swift in Sources */,
				EDB2B9C022B30F4B001A57D1 /* SongMenuOverlay.swift in Sources */,
				ED85A41C22BF412C00D0C94D /* CoreData.swift in Sources */,
				ED45BD1B202CC5FC00E4A9AD /* GameViewController.swift in Sources */,
				ED4A77E426025D54008ECCA9 /* SongLister.swift in Sources */,
				ED7E4C6C2297CA4400E084F1 /* TextureMover.swift in Sources */,
				ED8B5151206ED4CB000DB769 /* ScoreKeeper.swift in Sources */,
				ED26C3C62055048200CFE29C /* OggNo.swift in Sources */,
				EDF5320A22894937006F17AC /* Highway.swift in Sources */,
				ED2AA00F22B4B8A000E61D89 /* GuitarStage.swift in Sources */,
				EDAE97F122D43052004A3DA7 /* DifficultyConfig.swift in Sources */,
				ED59D2AA24441D0000CF8617 /* catalog.xcdatamodeld in Sources */,
				ED46318E20F3C64900EB1699 /* SwitchBoard.swift in Sources */,
				EDB2B99E22B2B74D001A57D1 /* StageManager.swift in Sources */,
				EDD1295B26008B730036FCA1 /* Backdrop.swift in Sources */,
				ED1F1E7C22B1CDC000B21883 /* Strings.swift in Sources */,
				EDF8DE0621103D5E00F0BAE8 /* User.swift in Sources */,
				ED12650420649BAE002423A8 /* StarPower.swift in Sources */,
				ED0CB21625FDC9D800B57428 /* Anal.swift in Sources */,
				ED2FE4A522D5833600F18789 /* Drums.swift in Sources */,
				ED2AA00D22B4B53200E61D89 /* DrumStage.swift in Sources */,
				ED7EAC6B2050A124003F1A8E /* SongManager.swift in Sources */,
				ED97F68020F1E373001FAAE0 /* TimeCode.swift in Sources */,
				EDF83AC82285095800D07E7A /* KeyPaths.swift in Sources */,
				ED1665362033E3FC0099DE12 /* FZMIDI.swift in Sources */,
				EDC7379B22D6D7F100B227A1 /* ActivatorComponent.swift in Sources */,
				ED527E0822A44C6000C63A4D /* Actions.swift in Sources */,
				ED2FF7E8229A0AF6001B02C5 /* Jukebox.swift in Sources */,
				EDCACDD620F59EB4008C6DA4 /* ControlInputs.swift in Sources */,
				ED274DA321141BA000CC788C /* ChartIcons.swift in Sources */,
				ED758162241588FF00A59BF7 /* ScoreManager.swift in Sources */,
				EDCAA7F9224221C200A4856C /* VocalCoach.swift in Sources */,
				ED69356B22ACE0AF00C35F78 /* Defaults.swift in Sources */,
				ED5C68CE266079270081A557 /* Help.swift in Sources */,
				EDED00DB22C9587300D3D804 /* Performing.swift in Sources */,
				ED3EFCD220EF3AA10015701A /* PaceMaker.swift in Sources */,
				ED45BD39202CC69900E4A9AD /* GameView.swift in Sources */,
				EDC7379F22D6D8EF00B227A1 /* StringTriggers.swift in Sources */,
				EDC85A4422D147DD00D05BA1 /* TailComponent.swift in Sources */,
				ED45BD19202CC5FC00E4A9AD /* AppDelegate.swift in Sources */,
				EDA86B212421664700DAF4F7 /* Analytics.swift in Sources */,
				EDB79421224203D10036AB69 /* Vocalist.swift in Sources */,
				EDA0FC6622AC2406005D5DFA /* Instrument.swift in Sources */,
				EDA0FC6822AC687D005D5DFA /* MusicSheet.swift in Sources */,
				ED2AA00922B4838B00E61D89 /* SongMenu.swift in Sources */,
				ED9BE13723CF8D310000EF6F /* Spherex.swift in Sources */,
				ED0B5FBC204A847D00524979 /* SongFinder.swift in Sources */,
				ED9BE2CE22CFCD0F00D7B9BC /* GKComponentSystem.swift in Sources */,
				ED8198CE211CDA17001849F7 /* CoverArt.swift in Sources */,
				EDF71BA323F09C6300EEE4DE /* RowCall.swift in Sources */,
				ED1CB7C925BE802900AD6D56 /* Octopus.swift in Sources */,
				EDBD45BB22C9D64F001DB5D4 /* PianoStage.swift in Sources */,
				EDBD45BD22C9DC14001DB5D4 /* KeyUpDel.swift in Sources */,
				ED76762B22CE9FE500FA2C82 /* notes.swift in Sources */,
				ED45BD3B202CC6DC00E4A9AD /* GemMaker.swift in Sources */,
				EDD3F07B22C8747B00A51672 /* Burstable.swift in Sources */,
				ED96C8C723DAD3E500D8B488 /* UpNext.swift in Sources */,
				EDC7379D22D6D87100B227A1 /* DrumTrigger.swift in Sources */,
				EDB36DD522D2C06E00501DE2 /* StarNoteComponent.swift in Sources */,
				ED792E732601553B0045EDFE /* Shaders.swift in Sources */,
				ED758160241588ED00A59BF7 /* ScoreBoard.swift in Sources */,
				EDD3F07822C846A800A51672 /* Track.swift in Sources */,
				ED2FB5E122CFB2D200A4B484 /* NoteEntity.swift in Sources */,
			);
			runOnlyForDeploymentPostprocessing = 0;
		};
/* End PBXSourcesBuildPhase section */

/* Begin PBXVariantGroup section */
		ED45BD20202CC5FC00E4A9AD /* Main.storyboard */ = {
			isa = PBXVariantGroup;
			children = (
				ED45BD21202CC5FC00E4A9AD /* Base */,
			);
			name = Main.storyboard;
			sourceTree = "<group>";
		};
/* End PBXVariantGroup section */

/* Begin XCBuildConfiguration section */
		ED45BD30202CC5FC00E4A9AD /* Debug */ = {
			isa = XCBuildConfiguration;
			buildSettings = {
				ALWAYS_SEARCH_USER_PATHS = NO;
				CLANG_ANALYZER_NONNULL = YES;
				CLANG_ANALYZER_NUMBER_OBJECT_CONVERSION = YES_AGGRESSIVE;
				CLANG_CXX_LANGUAGE_STANDARD = "gnu++14";
				CLANG_CXX_LIBRARY = "libc++";
				CLANG_ENABLE_MODULES = YES;
				CLANG_ENABLE_OBJC_ARC = YES;
				CLANG_WARN_BLOCK_CAPTURE_AUTORELEASING = YES;
				CLANG_WARN_BOOL_CONVERSION = YES;
				CLANG_WARN_COMMA = YES;
				CLANG_WARN_CONSTANT_CONVERSION = YES;
				CLANG_WARN_DEPRECATED_OBJC_IMPLEMENTATIONS = YES;
				CLANG_WARN_DIRECT_OBJC_ISA_USAGE = YES_ERROR;
				CLANG_WARN_DOCUMENTATION_COMMENTS = YES;
				CLANG_WARN_EMPTY_BODY = YES;
				CLANG_WARN_ENUM_CONVERSION = YES;
				CLANG_WARN_INFINITE_RECURSION = YES;
				CLANG_WARN_INT_CONVERSION = YES;
				CLANG_WARN_NON_LITERAL_NULL_CONVERSION = YES;
				CLANG_WARN_OBJC_IMPLICIT_RETAIN_SELF = YES;
				CLANG_WARN_OBJC_LITERAL_CONVERSION = YES;
				CLANG_WARN_OBJC_ROOT_CLASS = YES_ERROR;
				CLANG_WARN_QUOTED_INCLUDE_IN_FRAMEWORK_HEADER = YES;
				CLANG_WARN_RANGE_LOOP_ANALYSIS = YES;
				CLANG_WARN_STRICT_PROTOTYPES = YES;
				CLANG_WARN_SUSPICIOUS_MOVE = YES;
				CLANG_WARN_UNGUARDED_AVAILABILITY = YES_AGGRESSIVE;
				CLANG_WARN_UNREACHABLE_CODE = YES;
				CLANG_WARN__DUPLICATE_METHOD_MATCH = YES;
				CODE_SIGN_IDENTITY = "Apple Development";
				COPY_PHASE_STRIP = NO;
				DEBUG_INFORMATION_FORMAT = dwarf;
				ENABLE_STRICT_OBJC_MSGSEND = YES;
				ENABLE_TESTABILITY = YES;
				EXCLUDED_ARCHS = arm64;
				GCC_C_LANGUAGE_STANDARD = gnu11;
				GCC_DYNAMIC_NO_PIC = NO;
				GCC_NO_COMMON_BLOCKS = YES;
				GCC_OPTIMIZATION_LEVEL = 0;
				GCC_PREPROCESSOR_DEFINITIONS = (
					"DEBUG=1",
					"$(inherited)",
				);
				GCC_WARN_64_TO_32_BIT_CONVERSION = YES;
				GCC_WARN_ABOUT_RETURN_TYPE = YES_ERROR;
				GCC_WARN_UNDECLARED_SELECTOR = YES;
				GCC_WARN_UNINITIALIZED_AUTOS = YES_AGGRESSIVE;
				GCC_WARN_UNUSED_FUNCTION = YES;
				GCC_WARN_UNUSED_VARIABLE = YES;
				MACOSX_DEPLOYMENT_TARGET = 10.13;
				MTL_ENABLE_DEBUG_INFO = YES;
				ONLY_ACTIVE_ARCH = YES;
				SDKROOT = macosx;
				SWIFT_ACTIVE_COMPILATION_CONDITIONS = DEBUG;
				SWIFT_OPTIMIZATION_LEVEL = "-Onone";
			};
			name = Debug;
		};
		ED45BD31202CC5FC00E4A9AD /* Release */ = {
			isa = XCBuildConfiguration;
			buildSettings = {
				ALWAYS_SEARCH_USER_PATHS = NO;
				CLANG_ANALYZER_NONNULL = YES;
				CLANG_ANALYZER_NUMBER_OBJECT_CONVERSION = YES_AGGRESSIVE;
				CLANG_CXX_LANGUAGE_STANDARD = "gnu++14";
				CLANG_CXX_LIBRARY = "libc++";
				CLANG_ENABLE_MODULES = YES;
				CLANG_ENABLE_OBJC_ARC = YES;
				CLANG_WARN_BLOCK_CAPTURE_AUTORELEASING = YES;
				CLANG_WARN_BOOL_CONVERSION = YES;
				CLANG_WARN_COMMA = YES;
				CLANG_WARN_CONSTANT_CONVERSION = YES;
				CLANG_WARN_DEPRECATED_OBJC_IMPLEMENTATIONS = YES;
				CLANG_WARN_DIRECT_OBJC_ISA_USAGE = YES_ERROR;
				CLANG_WARN_DOCUMENTATION_COMMENTS = YES;
				CLANG_WARN_EMPTY_BODY = YES;
				CLANG_WARN_ENUM_CONVERSION = YES;
				CLANG_WARN_INFINITE_RECURSION = YES;
				CLANG_WARN_INT_CONVERSION = YES;
				CLANG_WARN_NON_LITERAL_NULL_CONVERSION = YES;
				CLANG_WARN_OBJC_IMPLICIT_RETAIN_SELF = YES;
				CLANG_WARN_OBJC_LITERAL_CONVERSION = YES;
				CLANG_WARN_OBJC_ROOT_CLASS = YES_ERROR;
				CLANG_WARN_QUOTED_INCLUDE_IN_FRAMEWORK_HEADER = YES;
				CLANG_WARN_RANGE_LOOP_ANALYSIS = YES;
				CLANG_WARN_STRICT_PROTOTYPES = YES;
				CLANG_WARN_SUSPICIOUS_MOVE = YES;
				CLANG_WARN_UNGUARDED_AVAILABILITY = YES_AGGRESSIVE;
				CLANG_WARN_UNREACHABLE_CODE = YES;
				CLANG_WARN__DUPLICATE_METHOD_MATCH = YES;
				CODE_SIGN_IDENTITY = "Apple Development";
				COPY_PHASE_STRIP = NO;
				DEBUG_INFORMATION_FORMAT = "dwarf-with-dsym";
				ENABLE_NS_ASSERTIONS = NO;
				ENABLE_STRICT_OBJC_MSGSEND = YES;
				EXCLUDED_ARCHS = arm64;
				GCC_C_LANGUAGE_STANDARD = gnu11;
				GCC_NO_COMMON_BLOCKS = YES;
				GCC_WARN_64_TO_32_BIT_CONVERSION = YES;
				GCC_WARN_ABOUT_RETURN_TYPE = YES_ERROR;
				GCC_WARN_UNDECLARED_SELECTOR = YES;
				GCC_WARN_UNINITIALIZED_AUTOS = YES_AGGRESSIVE;
				GCC_WARN_UNUSED_FUNCTION = YES;
				GCC_WARN_UNUSED_VARIABLE = YES;
				MACOSX_DEPLOYMENT_TARGET = 10.13;
				MTL_ENABLE_DEBUG_INFO = NO;
				SDKROOT = macosx;
				SWIFT_COMPILATION_MODE = wholemodule;
				SWIFT_OPTIMIZATION_LEVEL = "-Onone";
			};
			name = Release;
		};
		ED45BD33202CC5FC00E4A9AD /* Debug */ = {
			isa = XCBuildConfiguration;
			buildSettings = {
				ASSETCATALOG_COMPILER_APPICON_NAME = AppIcon;
				CLANG_ENABLE_MODULES = YES;
				CODE_SIGN_ENTITLEMENTS = noiceDebug.entitlements;
				CODE_SIGN_IDENTITY = "-";
				CODE_SIGN_STYLE = Automatic;
				COMBINE_HIDPI_IMAGES = YES;
				CURRENT_PROJECT_VERSION = 2;
				DEVELOPMENT_TEAM = "";
				ENABLE_HARDENED_RUNTIME = NO;
				FRAMEWORK_SEARCH_PATHS = (
					"$(inherited)",
					"$(PROJECT_DIR)/Frameworks/**",
					"$(PROJECT_DIR)/Frameworks",
				);
				INFOPLIST_FILE = "Rubber Band/Info.plist";
				LD_RUNPATH_SEARCH_PATHS = (
					"$(inherited)",
					"@executable_path/../Frameworks",
				);
				LIBRARY_SEARCH_PATHS = (
					"$(inherited)",
					"$(PROJECT_DIR)/Frameworks",
				);
				MACOSX_DEPLOYMENT_TARGET = 10.13;
				MARKETING_VERSION = 0.5;
				OTHER_LDFLAGS = "";
				PRODUCT_BUNDLE_IDENTIFIER = com.inertlab.noice;
				PRODUCT_NAME = "$(TARGET_NAME)";
				PROVISIONING_PROFILE_SPECIFIER = "";
				SWIFT_OBJC_BRIDGING_HEADER = "Rubber Band/RubberBand-Bridging-Header.h";
				SWIFT_OPTIMIZATION_LEVEL = "-Onone";
				SWIFT_VERSION = 4.2;
			};
			name = Debug;
		};
		ED45BD34202CC5FC00E4A9AD /* Release */ = {
			isa = XCBuildConfiguration;
			buildSettings = {
				ASSETCATALOG_COMPILER_APPICON_NAME = AppIcon;
				CLANG_ENABLE_MODULES = YES;
				CODE_SIGN_ENTITLEMENTS = noiceRelease.entitlements;
				CODE_SIGN_IDENTITY = "Apple Development";
				CODE_SIGN_STYLE = Automatic;
				COMBINE_HIDPI_IMAGES = YES;
				CURRENT_PROJECT_VERSION = 2;
				DEVELOPMENT_TEAM = R3QXN3P2CK;
				ENABLE_HARDENED_RUNTIME = YES;
				FRAMEWORK_SEARCH_PATHS = (
					"$(inherited)",
					"$(PROJECT_DIR)/Frameworks",
				);
				INFOPLIST_FILE = "Rubber Band/Info.plist";
				LD_RUNPATH_SEARCH_PATHS = (
					"$(inherited)",
					"@executable_path/../Frameworks",
				);
				LIBRARY_SEARCH_PATHS = (
					"$(inherited)",
					"$(PROJECT_DIR)/Frameworks",
				);
				MACOSX_DEPLOYMENT_TARGET = 10.13;
				MARKETING_VERSION = 0.5;
				ONLY_ACTIVE_ARCH = NO;
				OTHER_LDFLAGS = "";
				PRODUCT_BUNDLE_IDENTIFIER = com.inertlab.noice;
				PRODUCT_NAME = "$(TARGET_NAME)";
				PROVISIONING_PROFILE_SPECIFIER = "";
				SWIFT_OBJC_BRIDGING_HEADER = "Rubber Band/RubberBand-Bridging-Header.h";
				SWIFT_VERSION = 4.2;
			};
			name = Release;
		};
/* End XCBuildConfiguration section */

/* Begin XCConfigurationList section */
		ED45BD10202CC5FC00E4A9AD /* Build configuration list for PBXProject "noice" */ = {
			isa = XCConfigurationList;
			buildConfigurations = (
				ED45BD30202CC5FC00E4A9AD /* Debug */,
				ED45BD31202CC5FC00E4A9AD /* Release */,
			);
			defaultConfigurationIsVisible = 0;
			defaultConfigurationName = Release;
		};
		ED45BD32202CC5FC00E4A9AD /* Build configuration list for PBXNativeTarget "noice" */ = {
			isa = XCConfigurationList;
			buildConfigurations = (
				ED45BD33202CC5FC00E4A9AD /* Debug */,
				ED45BD34202CC5FC00E4A9AD /* Release */,
			);
			defaultConfigurationIsVisible = 0;
			defaultConfigurationName = Release;
		};
/* End XCConfigurationList section */

/* Begin XCVersionGroup section */
		ED59D2A824441D0000CF8617 /* catalog.xcdatamodeld */ = {
			isa = XCVersionGroup;
			children = (
				ED59D2A924441D0000CF8617 /* catalog.xcdatamodel */,
			);
			currentVersion = ED59D2A924441D0000CF8617 /* catalog.xcdatamodel */;
			path = catalog.xcdatamodeld;
			sourceTree = "<group>";
			versionGroupType = wrapper.xcdatamodel;
		};
/* End XCVersionGroup section */
	};
	rootObject = ED45BD0D202CC5FC00E4A9AD /* Project object */;
}
