// !$*UTF8*$!
{
	archiveVersion = 1;
	classes = {
	};
	objectVersion = 70;
	objects = {

/* Begin PBXBuildFile section */
		ED0100DA305737B000C0A1C4 /* SwiftRPC in Frameworks */ = {isa = PBXBuildFile; productRef = ED0100D9305737B000C0A1C4 /* SwiftRPC */; };
		ED01015F30574BAB00C0A1C4 /* LibVorbis in Frameworks */ = {isa = PBXBuildFile; productRef = ED01015E30574BAB00C0A1C4 /* LibVorbis */; };
		ED01016130574C7200C0A1C4 /* OggDecoder.swift in Sources */ = {isa = PBXBuildFile; fileRef = ED01016030574C7200C0A1C4 /* OggDecoder.swift */; };
		ED01016330574C9400C0A1C4 /* AVAudioPCMBuffer.swift in Sources */ = {isa = PBXBuildFile; fileRef = ED01016230574C9400C0A1C4 /* AVAudioPCMBuffer.swift */; };
		ED01016730574D4A00C0A1C4 /* NoiceAudioPlayer.swift in Sources */ = {isa = PBXBuildFile; fileRef = ED01016630574D4A00C0A1C4 /* NoiceAudioPlayer.swift */; };
		ED025D0730576486003710F4 /* SongDetails.swift in Sources */ = {isa = PBXBuildFile; fileRef = ED025D0630576486003710F4 /* SongDetails.swift */; };
		ED025D2E30576EA6003710F4 /* Actions.swift in Sources */ = {isa = PBXBuildFile; fileRef = ED025D2D30576EA6003710F4 /* Actions.swift */; };
		ED025D3C3059C616003710F4 /* iniCleanser.swift in Sources */ = {isa = PBXBuildFile; fileRef = ED025D3B3059C616003710F4 /* iniCleanser.swift */; };
		ED0318FB2A11F4A60091177B /* Experimental.swift in Sources */ = {isa = PBXBuildFile; fileRef = ED0318FA2A11F4A60091177B /* Experimental.swift */; };
		ED08671F2256DE3D00D36AA4 /* action.sks in Resources */ = {isa = PBXBuildFile; fileRef = ED08671E2256DE3D00D36AA4 /* action.sks */; };
		ED0B5FBC204A847D00524979 /* SongFinder.swift in Sources */ = {isa = PBXBuildFile; fileRef = ED0B5FBB204A847D00524979 /* SongFinder.swift */; };
		ED0CB21625FDC9D800B57428 /* Anal.swift in Sources */ = {isa = PBXBuildFile; fileRef = ED0CB21525FDC9D800B57428 /* Anal.swift */; };
		ED0EFC102661B5210006E7F9 /* keyboard_key.png in Resources */ = {isa = PBXBuildFile; fileRef = ED0EFC0F2661B5210006E7F9 /* keyboard_key.png */; };
		ED12650420649BAE002423A8 /* StarPower.swift in Sources */ = {isa = PBXBuildFile; fileRef = ED12650320649BAE002423A8 /* StarPower.swift */; };
		ED153706204297A300ADBA12 /* MIDIDevices.swift in Sources */ = {isa = PBXBuildFile; fileRef = ED153705204297A300ADBA12 /* MIDIDevices.swift */; };
		ED1665362033E3FC0099DE12 /* FZMIDI.swift in Sources */ = {isa = PBXBuildFile; fileRef = ED1665352033E3FC0099DE12 /* FZMIDI.swift */; };
		ED16ADAF2A06130F00AF1B9D /* Assets.xcassets in Resources */ = {isa = PBXBuildFile; fileRef = ED16ADAD2A06130F00AF1B9D /* Assets.xcassets */; };
		ED16ADB72A06313100AF1B9D /* MyParticle.sks in Resources */ = {isa = PBXBuildFile; fileRef = ED16ADB62A06313100AF1B9D /* MyParticle.sks */; };
		ED1CB7C925BE802900AD6D56 /* Octopus.swift in Sources */ = {isa = PBXBuildFile; fileRef = ED1CB7C825BE802900AD6D56 /* Octopus.swift */; };
		ED1E87CD265F18A900A80228 /* help_drums.png in Resources */ = {isa = PBXBuildFile; fileRef = ED1E87CC265F18A900A80228 /* help_drums.png */; };
		ED1F1E7C22B1CDC000B21883 /* Strings.swift in Sources */ = {isa = PBXBuildFile; fileRef = ED1F1E7B22B1CDC000B21883 /* Strings.swift */; };
		ED20376B2255D88300E3AC22 /* noart.jpg in Resources */ = {isa = PBXBuildFile; fileRef = ED20376A2255D88300E3AC22 /* noart.jpg */; };
		ED211C652A2FE37F0069F537 /* Localizable.xcstrings in Resources */ = {isa = PBXBuildFile; fileRef = ED211C642A2FE37F0069F537 /* Localizable.xcstrings */; };
		ED21999D274200E600808587 /* extensions.swift in Sources */ = {isa = PBXBuildFile; fileRef = ED21999C274200E600808587 /* extensions.swift */; };
		ED274DA321141BA000CC788C /* ChartIcons.swift in Sources */ = {isa = PBXBuildFile; fileRef = ED274DA221141BA000CC788C /* ChartIcons.swift */; };
		ED2903442058F8A0006BF673 /* scoredisplay.sks in Resources */ = {isa = PBXBuildFile; fileRef = ED2903432058F8A0006BF673 /* scoredisplay.sks */; settings = {ASSET_TAGS = (UI, ); }; };
		ED2AA00922B4838B00E61D89 /* SongMenu.swift in Sources */ = {isa = PBXBuildFile; fileRef = ED2AA00822B4838B00E61D89 /* SongMenu.swift */; };
		ED2AA00D22B4B53200E61D89 /* DrumStage.swift in Sources */ = {isa = PBXBuildFile; fileRef = ED2AA00C22B4B53200E61D89 /* DrumStage.swift */; };
		ED2AA00F22B4B8A000E61D89 /* GuitarStage.swift in Sources */ = {isa = PBXBuildFile; fileRef = ED2AA00E22B4B8A000E61D89 /* GuitarStage.swift */; };
		ED2CB5F029EA2CB200D6EB19 /* stars.atlas in Resources */ = {isa = PBXBuildFile; fileRef = ED2CB5EF29EA2CB200D6EB19 /* stars.atlas */; };
		ED2CB5F429EA2D0E00D6EB19 /* starnormals.atlas in Resources */ = {isa = PBXBuildFile; fileRef = ED2CB5F329EA2D0E00D6EB19 /* starnormals.atlas */; };
		ED2FB5E122CFB2D200A4B484 /* NoteEntity.swift in Sources */ = {isa = PBXBuildFile; fileRef = ED2FB5E022CFB2D200A4B484 /* NoteEntity.swift */; };
		ED2FE4A522D5833600F18789 /* Drums.swift in Sources */ = {isa = PBXBuildFile; fileRef = ED2FE4A422D5833600F18789 /* Drums.swift */; };
		ED2FF7E8229A0AF6001B02C5 /* Jukebox.swift in Sources */ = {isa = PBXBuildFile; fileRef = ED2FF7E7229A0AF6001B02C5 /* Jukebox.swift */; };
		ED3E0636266D9C7E009AA716 /* HelpState.swift in Sources */ = {isa = PBXBuildFile; fileRef = ED3E0635266D9C7E009AA716 /* HelpState.swift */; };
		ED3EFCD220EF3AA10015701A /* PaceMaker.swift in Sources */ = {isa = PBXBuildFile; fileRef = ED3EFCD120EF3AA10015701A /* PaceMaker.swift */; };
		ED3FC50122422EFA00A87047 /* MyActions.sks in Resources */ = {isa = PBXBuildFile; fileRef = ED3FC50022422EFA00A87047 /* MyActions.sks */; };
		ED4179D32676CC9F00C6C297 /* RewindState.swift in Sources */ = {isa = PBXBuildFile; fileRef = ED4179D22676CC9F00C6C297 /* RewindState.swift */; };
		ED4179D52676CCD100C6C297 /* sounds in Resources */ = {isa = PBXBuildFile; fileRef = ED4179D42676CCD100C6C297 /* sounds */; };
		ED4179D72676DA2B00C6C297 /* Fonts in Resources */ = {isa = PBXBuildFile; fileRef = ED4179D62676DA2B00C6C297 /* Fonts */; };
		ED4509F329E4F2AC0034A098 /* RandomPlay.swift in Sources */ = {isa = PBXBuildFile; fileRef = ED4509F229E4F2AC0034A098 /* RandomPlay.swift */; };
		ED45BD19202CC5FC00E4A9AD /* AppDelegate.swift in Sources */ = {isa = PBXBuildFile; fileRef = ED45BD18202CC5FC00E4A9AD /* AppDelegate.swift */; };
		ED45BD1B202CC5FC00E4A9AD /* GameViewController.swift in Sources */ = {isa = PBXBuildFile; fileRef = ED45BD1A202CC5FC00E4A9AD /* GameViewController.swift */; };
		ED45BD1D202CC5FC00E4A9AD /* art.scnassets in Resources */ = {isa = PBXBuildFile; fileRef = ED45BD1C202CC5FC00E4A9AD /* art.scnassets */; };
		ED45BD1F202CC5FC00E4A9AD /* Assets.xcassets in Resources */ = {isa = PBXBuildFile; fileRef = ED45BD1E202CC5FC00E4A9AD /* Assets.xcassets */; };
		ED45BD22202CC5FC00E4A9AD /* Main.storyboard in Resources */ = {isa = PBXBuildFile; fileRef = ED45BD20202CC5FC00E4A9AD /* Main.storyboard */; };
		ED45BD39202CC69900E4A9AD /* GameView.swift in Sources */ = {isa = PBXBuildFile; fileRef = ED45BD38202CC69900E4A9AD /* GameView.swift */; };
		ED45BD3B202CC6DC00E4A9AD /* GemMaker.swift in Sources */ = {isa = PBXBuildFile; fileRef = ED45BD3A202CC6DC00E4A9AD /* GemMaker.swift */; };
		ED4718B3266DB61700B15DD8 /* ListState.swift in Sources */ = {isa = PBXBuildFile; fileRef = ED4718B2266DB61700B15DD8 /* ListState.swift */; };
		ED4718B5266DB68F00B15DD8 /* MenuState.swift in Sources */ = {isa = PBXBuildFile; fileRef = ED4718B4266DB68F00B15DD8 /* MenuState.swift */; };
		ED4718B7266DB6B700B15DD8 /* DetailState.swift in Sources */ = {isa = PBXBuildFile; fileRef = ED4718B6266DB6B700B15DD8 /* DetailState.swift */; };
		ED4718BB266DF47000B15DD8 /* HistoryState.swift in Sources */ = {isa = PBXBuildFile; fileRef = ED4718BA266DF47000B15DD8 /* HistoryState.swift */; };
		ED4718BD266DF77300B15DD8 /* AddedState.swift in Sources */ = {isa = PBXBuildFile; fileRef = ED4718BC266DF77300B15DD8 /* AddedState.swift */; };
		ED4718BF266DF7A800B15DD8 /* RelatedState.swift in Sources */ = {isa = PBXBuildFile; fileRef = ED4718BE266DF7A800B15DD8 /* RelatedState.swift */; };
		ED4A77E426025D54008ECCA9 /* SongLister.swift in Sources */ = {isa = PBXBuildFile; fileRef = ED4A77E326025D54008ECCA9 /* SongLister.swift */; };
		ED4B11E6267567A700E8D0AD /* PlayState.swift in Sources */ = {isa = PBXBuildFile; fileRef = ED4B11E5267567A700E8D0AD /* PlayState.swift */; };
		ED4B11E826756E6100E8D0AD /* PausedState.swift in Sources */ = {isa = PBXBuildFile; fileRef = ED4B11E726756E6100E8D0AD /* PausedState.swift */; };
		ED4B121826756FA300E8D0AD /* ScoreState.swift in Sources */ = {isa = PBXBuildFile; fileRef = ED4B121726756FA300E8D0AD /* ScoreState.swift */; };
		ED51B8312796A4830010950B /* TitleCredit.swift in Sources */ = {isa = PBXBuildFile; fileRef = ED51B8302796A4830010950B /* TitleCredit.swift */; };
		ED59D2AA24441D0000CF8617 /* catalog.xcdatamodeld in Sources */ = {isa = PBXBuildFile; fileRef = ED59D2A824441D0000CF8617 /* catalog.xcdatamodeld */; };
		ED5C68CE266079270081A557 /* Help.swift in Sources */ = {isa = PBXBuildFile; fileRef = ED5C68CD266079270081A557 /* Help.swift */; };
		ED678048279DE0630071CA9D /* StarsComp.swift in Sources */ = {isa = PBXBuildFile; fileRef = ED678047279DE0630071CA9D /* StarsComp.swift */; };
		ED67804A279DE0E60071CA9D /* ColumnComp.swift in Sources */ = {isa = PBXBuildFile; fileRef = ED678049279DE0E60071CA9D /* ColumnComp.swift */; };
		ED67804C279DE18A0071CA9D /* RecordComp.swift in Sources */ = {isa = PBXBuildFile; fileRef = ED67804B279DE18A0071CA9D /* RecordComp.swift */; };
		ED69356B22ACE0AF00C35F78 /* Defaults.swift in Sources */ = {isa = PBXBuildFile; fileRef = ED69356A22ACE0AF00C35F78 /* Defaults.swift */; };
		ED6A3F2823D534D90095117E /* SongComp.swift in Sources */ = {isa = PBXBuildFile; fileRef = ED6A3F2723D534D90095117E /* SongComp.swift */; };
		ED758160241588ED00A59BF7 /* ScoreBoard.swift in Sources */ = {isa = PBXBuildFile; fileRef = ED75815F241588ED00A59BF7 /* ScoreBoard.swift */; };
		ED758162241588FF00A59BF7 /* ScoreManager.swift in Sources */ = {isa = PBXBuildFile; fileRef = ED758161241588FF00A59BF7 /* ScoreManager.swift */; };
		ED78D0F3305E36AE00E60E1E /* NativeDecoder.swift in Sources */ = {isa = PBXBuildFile; fileRef = ED78D0F2305E36AE00E60E1E /* NativeDecoder.swift */; };
		ED792E732601553B0045EDFE /* Shaders.swift in Sources */ = {isa = PBXBuildFile; fileRef = ED792E722601553B0045EDFE /* Shaders.swift */; };
		ED7EAC6B2050A124003F1A8E /* SongManager.swift in Sources */ = {isa = PBXBuildFile; fileRef = ED7EAC6A2050A124003F1A8E /* SongManager.swift */; };
		ED8198CE211CDA17001849F7 /* CoverArt.swift in Sources */ = {isa = PBXBuildFile; fileRef = ED8198CD211CDA17001849F7 /* CoverArt.swift */; };
		ED842F102A0AD1DB00542AC4 /* bubble.png in Resources */ = {isa = PBXBuildFile; fileRef = ED842F0F2A0AD1DB00542AC4 /* bubble.png */; };
		ED85361827A8DD6C00CD9021 /* DiscordRP.swift in Sources */ = {isa = PBXBuildFile; fileRef = ED85361727A8DD6C00CD9021 /* DiscordRP.swift */; };
		ED85A41C22BF412C00D0C94D /* CoreData.swift in Sources */ = {isa = PBXBuildFile; fileRef = ED85A41B22BF412C00D0C94D /* CoreData.swift */; };
		ED8B5151206ED4CB000DB769 /* ScoreKeeper.swift in Sources */ = {isa = PBXBuildFile; fileRef = ED8B5150206ED4CB000DB769 /* ScoreKeeper.swift */; };
		ED8C8A7E22815B5A00A95214 /* LoadingScreen.sks in Resources */ = {isa = PBXBuildFile; fileRef = ED8C8A7D22815B5A00A95214 /* LoadingScreen.sks */; };
		ED96C8C723DAD3E500D8B488 /* UpNext.swift in Sources */ = {isa = PBXBuildFile; fileRef = ED96C8C623DAD3E500D8B488 /* UpNext.swift */; };
		ED9A4C25204CDD8E0060DB17 /* titleDisplay.sks in Resources */ = {isa = PBXBuildFile; fileRef = ED9A4C24204CDD8E0060DB17 /* titleDisplay.sks */; };
		ED9BE2CE22CFCD0F00D7B9BC /* GKComponentSystem.swift in Sources */ = {isa = PBXBuildFile; fileRef = ED9BE2CD22CFCD0F00D7B9BC /* GKComponentSystem.swift */; };
		ED9DF53D3059F6C100B1F1BC /* Stars.swift in Sources */ = {isa = PBXBuildFile; fileRef = ED025D003057640B003710F4 /* Stars.swift */; };
		EDA0FC6622AC2406005D5DFA /* Instrument.swift in Sources */ = {isa = PBXBuildFile; fileRef = EDA0FC6522AC2406005D5DFA /* Instrument.swift */; };
		EDA3A5A329EF873D001B96AB /* LoadingScreen.swift in Sources */ = {isa = PBXBuildFile; fileRef = EDA3A5A229EF873D001B96AB /* LoadingScreen.swift */; };
		EDADB14222A8EB890055A98D /* gameStats.sks in Resources */ = {isa = PBXBuildFile; fileRef = EDADB14122A8EB890055A98D /* gameStats.sks */; };
		EDAE97F122D43052004A3DA7 /* DifficultyConfig.swift in Sources */ = {isa = PBXBuildFile; fileRef = EDAE97F022D43052004A3DA7 /* DifficultyConfig.swift */; };
		EDB2B99E22B2B74D001A57D1 /* StageManager.swift in Sources */ = {isa = PBXBuildFile; fileRef = EDB2B99D22B2B74D001A57D1 /* StageManager.swift */; };
		EDB2B9C022B30F4B001A57D1 /* SongMenuOverlay.swift in Sources */ = {isa = PBXBuildFile; fileRef = EDB2B9BF22B30F4B001A57D1 /* SongMenuOverlay.swift */; };
		EDB36DD522D2C06E00501DE2 /* StarNoteComponent.swift in Sources */ = {isa = PBXBuildFile; fileRef = EDB36DD422D2C06E00501DE2 /* StarNoteComponent.swift */; };
		EDB79421224203D10036AB69 /* Vocalist.swift in Sources */ = {isa = PBXBuildFile; fileRef = EDB79420224203D10036AB69 /* Vocalist.swift */; };
		EDB7D8E03057286D002E8AC4 /* Spherex.swift in Sources */ = {isa = PBXBuildFile; fileRef = EDB7D8DF3057286D002E8AC4 /* Spherex.swift */; };
		EDBD45BB22C9D64F001DB5D4 /* PianoStage.swift in Sources */ = {isa = PBXBuildFile; fileRef = EDBD45BA22C9D64F001DB5D4 /* PianoStage.swift */; };
		EDBD45BD22C9DC14001DB5D4 /* KeyUpDel.swift in Sources */ = {isa = PBXBuildFile; fileRef = EDBD45BC22C9DC14001DB5D4 /* KeyUpDel.swift */; };
		EDC23A5A30675FF8004E1F4B /* TrackJockey.swift in Sources */ = {isa = PBXBuildFile; fileRef = EDC23A5930675FF8004E1F4B /* TrackJockey.swift */; };
		EDC7379B22D6D7F100B227A1 /* ActivatorComponent.swift in Sources */ = {isa = PBXBuildFile; fileRef = EDC7379A22D6D7F100B227A1 /* ActivatorComponent.swift */; };
		EDC7379D22D6D87100B227A1 /* DrumTrigger.swift in Sources */ = {isa = PBXBuildFile; fileRef = EDC7379C22D6D87100B227A1 /* DrumTrigger.swift */; };
		EDC7379F22D6D8EF00B227A1 /* StringTriggers.swift in Sources */ = {isa = PBXBuildFile; fileRef = EDC7379E22D6D8EF00B227A1 /* StringTriggers.swift */; };
		EDC85A4422D147DD00D05BA1 /* TailComponent.swift in Sources */ = {isa = PBXBuildFile; fileRef = EDC85A4322D147DD00D05BA1 /* TailComponent.swift */; };
		EDCAA7F9224221C200A4856C /* VocalCoach.swift in Sources */ = {isa = PBXBuildFile; fileRef = EDCAA7F8224221C200A4856C /* VocalCoach.swift */; };
		EDCACDD620F59EB4008C6DA4 /* ControlInputs.swift in Sources */ = {isa = PBXBuildFile; fileRef = EDCACDD520F59EB4008C6DA4 /* ControlInputs.swift */; };
		EDD1295B26008B730036FCA1 /* Backdrop.swift in Sources */ = {isa = PBXBuildFile; fileRef = EDD1295A26008B730036FCA1 /* Backdrop.swift */; };
		EDD306E229E7BF770056CAE7 /* TextureMover.swift in Sources */ = {isa = PBXBuildFile; fileRef = EDD306E129E7BF770056CAE7 /* TextureMover.swift */; };
		EDD3F07822C846A800A51672 /* Track.swift in Sources */ = {isa = PBXBuildFile; fileRef = EDD3F07722C846A800A51672 /* Track.swift */; };
		EDD3F07B22C8747B00A51672 /* Burstable.swift in Sources */ = {isa = PBXBuildFile; fileRef = EDD3F07A22C8747B00A51672 /* Burstable.swift */; };
		EDDF1E8B26DB3E6F00CAFCE6 /* MusicSheet.swift in Sources */ = {isa = PBXBuildFile; fileRef = EDDF1E8A26DB3B6200CAFCE6 /* MusicSheet.swift */; };
		EDE65C0527C44EDC0076279B /* Color.swift in Sources */ = {isa = PBXBuildFile; fileRef = EDE65C0427C44EDC0076279B /* Color.swift */; };
		EDE65C0727C4509D0076279B /* GemBit.swift in Sources */ = {isa = PBXBuildFile; fileRef = EDE65C0627C4509D0076279B /* GemBit.swift */; };
		EDEBC43F22A3187E00655BB9 /* icon.atlas in Resources */ = {isa = PBXBuildFile; fileRef = EDEBC43E22A3187D00655BB9 /* icon.atlas */; };
		EDED00DB22C9587300D3D804 /* Performing.swift in Sources */ = {isa = PBXBuildFile; fileRef = EDED00DA22C9587300D3D804 /* Performing.swift */; };
		EDF5320A22894937006F17AC /* Highway.swift in Sources */ = {isa = PBXBuildFile; fileRef = EDF5320922894937006F17AC /* Highway.swift */; };
		EDF71BA323F09C6300EEE4DE /* RowCall.swift in Sources */ = {isa = PBXBuildFile; fileRef = EDF71BA223F09C6300EEE4DE /* RowCall.swift */; };
		EDF83AC82285095800D07E7A /* KeyPaths.swift in Sources */ = {isa = PBXBuildFile; fileRef = EDF83AC72285095800D07E7A /* KeyPaths.swift */; };
		EDF8DE0621103D5E00F0BAE8 /* User.swift in Sources */ = {isa = PBXBuildFile; fileRef = EDF8DE0521103D5E00F0BAE8 /* User.swift */; };
		EDFB2D2325A9650000564689 /* OctopusComponent.swift in Sources */ = {isa = PBXBuildFile; fileRef = EDFB2D2225A9650000564689 /* OctopusComponent.swift */; };
/* End PBXBuildFile section */

/* Begin PBXFileReference section */
		ED01016030574C7200C0A1C4 /* OggDecoder.swift */ = {isa = PBXFileReference; lastKnownFileType = sourcecode.swift; path = OggDecoder.swift; sourceTree = "<group>"; };
		ED01016230574C9400C0A1C4 /* AVAudioPCMBuffer.swift */ = {isa = PBXFileReference; lastKnownFileType = sourcecode.swift; path = AVAudioPCMBuffer.swift; sourceTree = "<group>"; };
		ED01016630574D4A00C0A1C4 /* NoiceAudioPlayer.swift */ = {isa = PBXFileReference; lastKnownFileType = sourcecode.swift; path = NoiceAudioPlayer.swift; sourceTree = "<group>"; };
		ED025D003057640B003710F4 /* Stars.swift */ = {isa = PBXFileReference; lastKnownFileType = sourcecode.swift; path = Stars.swift; sourceTree = "<group>"; };
		ED025D0630576486003710F4 /* SongDetails.swift */ = {isa = PBXFileReference; lastKnownFileType = sourcecode.swift; path = SongDetails.swift; sourceTree = "<group>"; };
		ED025D2D30576EA6003710F4 /* Actions.swift */ = {isa = PBXFileReference; lastKnownFileType = sourcecode.swift; path = Actions.swift; sourceTree = "<group>"; };
		ED025D3B3059C616003710F4 /* iniCleanser.swift */ = {isa = PBXFileReference; lastKnownFileType = sourcecode.swift; path = iniCleanser.swift; sourceTree = "<group>"; };
		ED0318FA2A11F4A60091177B /* Experimental.swift */ = {isa = PBXFileReference; lastKnownFileType = sourcecode.swift; path = Experimental.swift; sourceTree = "<group>"; };
		ED08671E2256DE3D00D36AA4 /* action.sks */ = {isa = PBXFileReference; lastKnownFileType = file.sks; name = action.sks; path = "Rubber Band/resources/actions/action.sks"; sourceTree = SOURCE_ROOT; };
		ED0B5FBB204A847D00524979 /* SongFinder.swift */ = {isa = PBXFileReference; lastKnownFileType = sourcecode.swift; path = SongFinder.swift; sourceTree = "<group>"; };
		ED0CB21525FDC9D800B57428 /* Anal.swift */ = {isa = PBXFileReference; lastKnownFileType = sourcecode.swift; path = Anal.swift; sourceTree = "<group>"; };
		ED0EFC0F2661B5210006E7F9 /* keyboard_key.png */ = {isa = PBXFileReference; lastKnownFileType = image.png; path = keyboard_key.png; sourceTree = "<group>"; };
		ED12650320649BAE002423A8 /* StarPower.swift */ = {isa = PBXFileReference; lastKnownFileType = sourcecode.swift; path = StarPower.swift; sourceTree = "<group>"; };
		ED153705204297A300ADBA12 /* MIDIDevices.swift */ = {isa = PBXFileReference; lastKnownFileType = sourcecode.swift; path = MIDIDevices.swift; sourceTree = "<group>"; };
		ED1665352033E3FC0099DE12 /* FZMIDI.swift */ = {isa = PBXFileReference; lastKnownFileType = sourcecode.swift; path = FZMIDI.swift; sourceTree = "<group>"; };
		ED16ADAD2A06130F00AF1B9D /* Assets.xcassets */ = {isa = PBXFileReference; lastKnownFileType = folder.assetcatalog; path = Assets.xcassets; sourceTree = "<group>"; };
		ED16ADB62A06313100AF1B9D /* MyParticle.sks */ = {isa = PBXFileReference; lastKnownFileType = file.sks; path = MyParticle.sks; sourceTree = "<group>"; };
		ED1CB7C825BE802900AD6D56 /* Octopus.swift */ = {isa = PBXFileReference; lastKnownFileType = sourcecode.swift; path = Octopus.swift; sourceTree = "<group>"; };
		ED1E87CC265F18A900A80228 /* help_drums.png */ = {isa = PBXFileReference; lastKnownFileType = image.png; path = help_drums.png; sourceTree = "<group>"; };
		ED1F1E7B22B1CDC000B21883 /* Strings.swift */ = {isa = PBXFileReference; lastKnownFileType = sourcecode.swift; path = Strings.swift; sourceTree = "<group>"; };
		ED20376A2255D88300E3AC22 /* noart.jpg */ = {isa = PBXFileReference; lastKnownFileType = image.jpeg; path = noart.jpg; sourceTree = "<group>"; };
		ED211C632A2FE1890069F537 /* mul */ = {isa = PBXFileReference; lastKnownFileType = text.json.xcstrings; name = mul; path = mul.lproj/Main.xcstrings; sourceTree = "<group>"; };
		ED211C642A2FE37F0069F537 /* Localizable.xcstrings */ = {isa = PBXFileReference; lastKnownFileType = text.json.xcstrings; path = Localizable.xcstrings; sourceTree = "<group>"; };
		ED21999C274200E600808587 /* extensions.swift */ = {isa = PBXFileReference; lastKnownFileType = sourcecode.swift; path = extensions.swift; sourceTree = "<group>"; };
		ED274DA221141BA000CC788C /* ChartIcons.swift */ = {isa = PBXFileReference; lastKnownFileType = sourcecode.swift; path = ChartIcons.swift; sourceTree = "<group>"; };
		ED2903432058F8A0006BF673 /* scoredisplay.sks */ = {isa = PBXFileReference; lastKnownFileType = file.sks; path = scoredisplay.sks; sourceTree = "<group>"; };
		ED2AA00822B4838B00E61D89 /* SongMenu.swift */ = {isa = PBXFileReference; lastKnownFileType = sourcecode.swift; path = SongMenu.swift; sourceTree = "<group>"; };
		ED2AA00C22B4B53200E61D89 /* DrumStage.swift */ = {isa = PBXFileReference; lastKnownFileType = sourcecode.swift; path = DrumStage.swift; sourceTree = "<group>"; };
		ED2AA00E22B4B8A000E61D89 /* GuitarStage.swift */ = {isa = PBXFileReference; lastKnownFileType = sourcecode.swift; path = GuitarStage.swift; sourceTree = "<group>"; };
		ED2CB5EF29EA2CB200D6EB19 /* stars.atlas */ = {isa = PBXFileReference; lastKnownFileType = folder.skatlas; path = stars.atlas; sourceTree = "<group>"; };
		ED2CB5F329EA2D0E00D6EB19 /* starnormals.atlas */ = {isa = PBXFileReference; lastKnownFileType = folder.skatlas; path = starnormals.atlas; sourceTree = "<group>"; };
		ED2FB5E022CFB2D200A4B484 /* NoteEntity.swift */ = {isa = PBXFileReference; lastKnownFileType = sourcecode.swift; path = NoteEntity.swift; sourceTree = "<group>"; };
		ED2FE4A422D5833600F18789 /* Drums.swift */ = {isa = PBXFileReference; lastKnownFileType = sourcecode.swift; path = Drums.swift; sourceTree = "<group>"; };
		ED2FF7E7229A0AF6001B02C5 /* Jukebox.swift */ = {isa = PBXFileReference; lastKnownFileType = sourcecode.swift; path = Jukebox.swift; sourceTree = "<group>"; };
		ED3E0635266D9C7E009AA716 /* HelpState.swift */ = {isa = PBXFileReference; lastKnownFileType = sourcecode.swift; path = HelpState.swift; sourceTree = "<group>"; };
		ED3EFCD120EF3AA10015701A /* PaceMaker.swift */ = {isa = PBXFileReference; lastKnownFileType = sourcecode.swift; path = PaceMaker.swift; sourceTree = "<group>"; };
		ED3FC50022422EFA00A87047 /* MyActions.sks */ = {isa = PBXFileReference; lastKnownFileType = file.sks; path = MyActions.sks; sourceTree = "<group>"; };
		ED4179D22676CC9F00C6C297 /* RewindState.swift */ = {isa = PBXFileReference; fileEncoding = 4; lastKnownFileType = sourcecode.swift; path = RewindState.swift; sourceTree = "<group>"; };
		ED4179D42676CCD100C6C297 /* sounds */ = {isa = PBXFileReference; lastKnownFileType = folder; path = sounds; sourceTree = "<group>"; };
		ED4179D62676DA2B00C6C297 /* Fonts */ = {isa = PBXFileReference; lastKnownFileType = folder; path = Fonts; sourceTree = "<group>"; };
		ED4509F229E4F2AC0034A098 /* RandomPlay.swift */ = {isa = PBXFileReference; lastKnownFileType = sourcecode.swift; path = RandomPlay.swift; sourceTree = "<group>"; };
		ED45BD15202CC5FC00E4A9AD /* noice.app */ = {isa = PBXFileReference; explicitFileType = wrapper.application; includeInIndex = 0; path = noice.app; sourceTree = BUILT_PRODUCTS_DIR; };
		ED45BD18202CC5FC00E4A9AD /* AppDelegate.swift */ = {isa = PBXFileReference; lastKnownFileType = sourcecode.swift; path = AppDelegate.swift; sourceTree = "<group>"; };
		ED45BD1A202CC5FC00E4A9AD /* GameViewController.swift */ = {isa = PBXFileReference; lastKnownFileType = sourcecode.swift; lineEnding = 0; path = GameViewController.swift; sourceTree = "<group>"; };
		ED45BD1C202CC5FC00E4A9AD /* art.scnassets */ = {isa = PBXFileReference; lastKnownFileType = wrapper.scnassets; path = art.scnassets; sourceTree = "<group>"; };
		ED45BD1E202CC5FC00E4A9AD /* Assets.xcassets */ = {isa = PBXFileReference; lastKnownFileType = folder.assetcatalog; path = Assets.xcassets; sourceTree = "<group>"; };
		ED45BD21202CC5FC00E4A9AD /* Base */ = {isa = PBXFileReference; lastKnownFileType = file.storyboard; name = Base; path = Base.lproj/Main.storyboard; sourceTree = "<group>"; };
		ED45BD23202CC5FC00E4A9AD /* Info.plist */ = {isa = PBXFileReference; lastKnownFileType = text.plist.xml; path = Info.plist; sourceTree = "<group>"; };
		ED45BD38202CC69900E4A9AD /* GameView.swift */ = {isa = PBXFileReference; lastKnownFileType = sourcecode.swift; path = GameView.swift; sourceTree = "<group>"; };
		ED45BD3A202CC6DC00E4A9AD /* GemMaker.swift */ = {isa = PBXFileReference; lastKnownFileType = sourcecode.swift; path = GemMaker.swift; sourceTree = "<group>"; };
		ED4718B2266DB61700B15DD8 /* ListState.swift */ = {isa = PBXFileReference; lastKnownFileType = sourcecode.swift; path = ListState.swift; sourceTree = "<group>"; };
		ED4718B4266DB68F00B15DD8 /* MenuState.swift */ = {isa = PBXFileReference; lastKnownFileType = sourcecode.swift; path = MenuState.swift; sourceTree = "<group>"; };
		ED4718B6266DB6B700B15DD8 /* DetailState.swift */ = {isa = PBXFileReference; lastKnownFileType = sourcecode.swift; path = DetailState.swift; sourceTree = "<group>"; };
		ED4718BA266DF47000B15DD8 /* HistoryState.swift */ = {isa = PBXFileReference; lastKnownFileType = sourcecode.swift; path = HistoryState.swift; sourceTree = "<group>"; };
		ED4718BC266DF77300B15DD8 /* AddedState.swift */ = {isa = PBXFileReference; fileEncoding = 4; lastKnownFileType = sourcecode.swift; path = AddedState.swift; sourceTree = "<group>"; };
		ED4718BE266DF7A800B15DD8 /* RelatedState.swift */ = {isa = PBXFileReference; fileEncoding = 4; lastKnownFileType = sourcecode.swift; path = RelatedState.swift; sourceTree = "<group>"; };
		ED4A77E326025D54008ECCA9 /* SongLister.swift */ = {isa = PBXFileReference; lastKnownFileType = sourcecode.swift; path = SongLister.swift; sourceTree = "<group>"; };
		ED4B11E5267567A700E8D0AD /* PlayState.swift */ = {isa = PBXFileReference; lastKnownFileType = sourcecode.swift; path = PlayState.swift; sourceTree = "<group>"; };
		ED4B11E726756E6100E8D0AD /* PausedState.swift */ = {isa = PBXFileReference; lastKnownFileType = sourcecode.swift; path = PausedState.swift; sourceTree = "<group>"; };
		ED4B121726756FA300E8D0AD /* ScoreState.swift */ = {isa = PBXFileReference; lastKnownFileType = sourcecode.swift; path = ScoreState.swift; sourceTree = "<group>"; };
		ED51B8302796A4830010950B /* TitleCredit.swift */ = {isa = PBXFileReference; lastKnownFileType = sourcecode.swift; path = TitleCredit.swift; sourceTree = "<group>"; };
		ED59D2A924441D0000CF8617 /* catalog.xcdatamodel */ = {isa = PBXFileReference; lastKnownFileType = wrapper.xcdatamodel; path = catalog.xcdatamodel; sourceTree = "<group>"; };
		ED5C68CD266079270081A557 /* Help.swift */ = {isa = PBXFileReference; lastKnownFileType = sourcecode.swift; path = Help.swift; sourceTree = "<group>"; };
		ED678047279DE0630071CA9D /* StarsComp.swift */ = {isa = PBXFileReference; lastKnownFileType = sourcecode.swift; path = StarsComp.swift; sourceTree = "<group>"; };
		ED678049279DE0E60071CA9D /* ColumnComp.swift */ = {isa = PBXFileReference; lastKnownFileType = sourcecode.swift; path = ColumnComp.swift; sourceTree = "<group>"; };
		ED67804B279DE18A0071CA9D /* RecordComp.swift */ = {isa = PBXFileReference; lastKnownFileType = sourcecode.swift; path = RecordComp.swift; sourceTree = "<group>"; };
		ED69356A22ACE0AF00C35F78 /* Defaults.swift */ = {isa = PBXFileReference; lastKnownFileType = sourcecode.swift; path = Defaults.swift; sourceTree = "<group>"; };
		ED6A3F2723D534D90095117E /* SongComp.swift */ = {isa = PBXFileReference; lastKnownFileType = sourcecode.swift; path = SongComp.swift; sourceTree = "<group>"; };
		ED75815F241588ED00A59BF7 /* ScoreBoard.swift */ = {isa = PBXFileReference; lastKnownFileType = sourcecode.swift; path = ScoreBoard.swift; sourceTree = "<group>"; };
		ED758161241588FF00A59BF7 /* ScoreManager.swift */ = {isa = PBXFileReference; lastKnownFileType = sourcecode.swift; path = ScoreManager.swift; sourceTree = "<group>"; };
		ED76762A22CE9FE500FA2C82 /* notes.txt */ = {isa = PBXFileReference; explicitFileType = text; path = notes.txt; sourceTree = "<group>"; };
		ED78D0F2305E36AE00E60E1E /* NativeDecoder.swift */ = {isa = PBXFileReference; lastKnownFileType = sourcecode.swift; path = NativeDecoder.swift; sourceTree = "<group>"; };
		ED792E722601553B0045EDFE /* Shaders.swift */ = {isa = PBXFileReference; lastKnownFileType = sourcecode.swift; path = Shaders.swift; sourceTree = "<group>"; };
		ED7EAC6A2050A124003F1A8E /* SongManager.swift */ = {isa = PBXFileReference; lastKnownFileType = sourcecode.swift; path = SongManager.swift; sourceTree = "<group>"; };
		ED8198CD211CDA17001849F7 /* CoverArt.swift */ = {isa = PBXFileReference; lastKnownFileType = sourcecode.swift; path = CoverArt.swift; sourceTree = "<group>"; };
		ED842F0F2A0AD1DB00542AC4 /* bubble.png */ = {isa = PBXFileReference; lastKnownFileType = image.png; path = bubble.png; sourceTree = "<group>"; };
		ED85361727A8DD6C00CD9021 /* DiscordRP.swift */ = {isa = PBXFileReference; lastKnownFileType = sourcecode.swift; path = DiscordRP.swift; sourceTree = "<group>"; };
		ED85A41B22BF412C00D0C94D /* CoreData.swift */ = {isa = PBXFileReference; lastKnownFileType = sourcecode.swift; path = CoreData.swift; sourceTree = "<group>"; };
		ED8B5150206ED4CB000DB769 /* ScoreKeeper.swift */ = {isa = PBXFileReference; lastKnownFileType = sourcecode.swift; path = ScoreKeeper.swift; sourceTree = "<group>"; };
		ED8C8A7D22815B5A00A95214 /* LoadingScreen.sks */ = {isa = PBXFileReference; lastKnownFileType = file.sks; path = LoadingScreen.sks; sourceTree = "<group>"; };
		ED96C8C623DAD3E500D8B488 /* UpNext.swift */ = {isa = PBXFileReference; lastKnownFileType = sourcecode.swift; path = UpNext.swift; sourceTree = "<group>"; };
		ED97F67F20F1E373001FAAE0 /* TimeCode.swift */ = {isa = PBXFileReference; lastKnownFileType = sourcecode.swift; path = TimeCode.swift; sourceTree = "<group>"; };
		ED9A4C24204CDD8E0060DB17 /* titleDisplay.sks */ = {isa = PBXFileReference; lastKnownFileType = file.sks; path = titleDisplay.sks; sourceTree = "<group>"; };
		ED9BE2CD22CFCD0F00D7B9BC /* GKComponentSystem.swift */ = {isa = PBXFileReference; lastKnownFileType = sourcecode.swift; path = GKComponentSystem.swift; sourceTree = "<group>"; };
		EDA0FC6522AC2406005D5DFA /* Instrument.swift */ = {isa = PBXFileReference; lastKnownFileType = sourcecode.swift; path = Instrument.swift; sourceTree = "<group>"; };
		EDA3A5A229EF873D001B96AB /* LoadingScreen.swift */ = {isa = PBXFileReference; lastKnownFileType = sourcecode.swift; path = LoadingScreen.swift; sourceTree = "<group>"; };
		EDADB14122A8EB890055A98D /* gameStats.sks */ = {isa = PBXFileReference; lastKnownFileType = file.sks; path = gameStats.sks; sourceTree = "<group>"; };
		EDAE97F022D43052004A3DA7 /* DifficultyConfig.swift */ = {isa = PBXFileReference; fileEncoding = 4; lastKnownFileType = sourcecode.swift; path = DifficultyConfig.swift; sourceTree = "<group>"; };
		EDB2B99D22B2B74D001A57D1 /* StageManager.swift */ = {isa = PBXFileReference; lastKnownFileType = sourcecode.swift; path = StageManager.swift; sourceTree = "<group>"; };
		EDB2B9BF22B30F4B001A57D1 /* SongMenuOverlay.swift */ = {isa = PBXFileReference; lastKnownFileType = sourcecode.swift; path = SongMenuOverlay.swift; sourceTree = "<group>"; };
		EDB36DD422D2C06E00501DE2 /* StarNoteComponent.swift */ = {isa = PBXFileReference; lastKnownFileType = sourcecode.swift; path = StarNoteComponent.swift; sourceTree = "<group>"; };
		EDB79420224203D10036AB69 /* Vocalist.swift */ = {isa = PBXFileReference; lastKnownFileType = sourcecode.swift; path = Vocalist.swift; sourceTree = "<group>"; };
		EDB7D8DF3057286D002E8AC4 /* Spherex.swift */ = {isa = PBXFileReference; lastKnownFileType = sourcecode.swift; path = Spherex.swift; sourceTree = "<group>"; };
		EDBD45BA22C9D64F001DB5D4 /* PianoStage.swift */ = {isa = PBXFileReference; lastKnownFileType = sourcecode.swift; path = PianoStage.swift; sourceTree = "<group>"; };
		EDBD45BC22C9DC14001DB5D4 /* KeyUpDel.swift */ = {isa = PBXFileReference; lastKnownFileType = sourcecode.swift; path = KeyUpDel.swift; sourceTree = "<group>"; };
		EDC23A5930675FF8004E1F4B /* TrackJockey.swift */ = {isa = PBXFileReference; lastKnownFileType = sourcecode.swift; path = TrackJockey.swift; sourceTree = "<group>"; };
		EDC7379A22D6D7F100B227A1 /* ActivatorComponent.swift */ = {isa = PBXFileReference; fileEncoding = 4; lastKnownFileType = sourcecode.swift; path = ActivatorComponent.swift; sourceTree = "<group>"; };
		EDC7379C22D6D87100B227A1 /* DrumTrigger.swift */ = {isa = PBXFileReference; fileEncoding = 4; lastKnownFileType = sourcecode.swift; path = DrumTrigger.swift; sourceTree = "<group>"; };
		EDC7379E22D6D8EF00B227A1 /* StringTriggers.swift */ = {isa = PBXFileReference; fileEncoding = 4; lastKnownFileType = sourcecode.swift; path = StringTriggers.swift; sourceTree = "<group>"; };
		EDC85A4322D147DD00D05BA1 /* TailComponent.swift */ = {isa = PBXFileReference; lastKnownFileType = sourcecode.swift; path = TailComponent.swift; sourceTree = "<group>"; };
		EDCAA7F8224221C200A4856C /* VocalCoach.swift */ = {isa = PBXFileReference; lastKnownFileType = sourcecode.swift; path = VocalCoach.swift; sourceTree = "<group>"; };
		EDCACDD520F59EB4008C6DA4 /* ControlInputs.swift */ = {isa = PBXFileReference; lastKnownFileType = sourcecode.swift; path = ControlInputs.swift; sourceTree = "<group>"; };
		EDD1295A26008B730036FCA1 /* Backdrop.swift */ = {isa = PBXFileReference; lastKnownFileType = sourcecode.swift; path = Backdrop.swift; sourceTree = "<group>"; };
		EDD306E129E7BF770056CAE7 /* TextureMover.swift */ = {isa = PBXFileReference; lastKnownFileType = sourcecode.swift; path = TextureMover.swift; sourceTree = "<group>"; };
		EDD3F07722C846A800A51672 /* Track.swift */ = {isa = PBXFileReference; lastKnownFileType = sourcecode.swift; path = Track.swift; sourceTree = "<group>"; };
		EDD3F07A22C8747B00A51672 /* Burstable.swift */ = {isa = PBXFileReference; lastKnownFileType = sourcecode.swift; path = Burstable.swift; sourceTree = "<group>"; };
		EDDF1E8A26DB3B6200CAFCE6 /* MusicSheet.swift */ = {isa = PBXFileReference; lastKnownFileType = sourcecode.swift; path = MusicSheet.swift; sourceTree = "<group>"; };
		EDE65C0427C44EDC0076279B /* Color.swift */ = {isa = PBXFileReference; lastKnownFileType = sourcecode.swift; path = Color.swift; sourceTree = "<group>"; };
		EDE65C0627C4509D0076279B /* GemBit.swift */ = {isa = PBXFileReference; lastKnownFileType = sourcecode.swift; path = GemBit.swift; sourceTree = "<group>"; };
		EDEBC43E22A3187D00655BB9 /* icon.atlas */ = {isa = PBXFileReference; lastKnownFileType = folder.skatlas; path = icon.atlas; sourceTree = "<group>"; };
		EDED00DA22C9587300D3D804 /* Performing.swift */ = {isa = PBXFileReference; lastKnownFileType = sourcecode.swift; path = Performing.swift; sourceTree = "<group>"; };
		EDF5320922894937006F17AC /* Highway.swift */ = {isa = PBXFileReference; lastKnownFileType = sourcecode.swift; path = Highway.swift; sourceTree = "<group>"; };
		EDF71BA223F09C6300EEE4DE /* RowCall.swift */ = {isa = PBXFileReference; lastKnownFileType = sourcecode.swift; path = RowCall.swift; sourceTree = "<group>"; };
		EDF83AC72285095800D07E7A /* KeyPaths.swift */ = {isa = PBXFileReference; lastKnownFileType = sourcecode.swift; path = KeyPaths.swift; sourceTree = "<group>"; };
		EDF8DE0521103D5E00F0BAE8 /* User.swift */ = {isa = PBXFileReference; lastKnownFileType = sourcecode.swift; path = User.swift; sourceTree = "<group>"; };
		EDFB2D2225A9650000564689 /* OctopusComponent.swift */ = {isa = PBXFileReference; lastKnownFileType = sourcecode.swift; path = OctopusComponent.swift; sourceTree = "<group>"; };
/* End PBXFileReference section */

/* Begin PBXFileSystemSynchronizedRootGroup section */
		ED78D0F6305E3F0D00E60E1E /* deprecated */ = {isa = PBXFileSystemSynchronizedRootGroup; explicitFileTypes = {}; explicitFolders = (); path = deprecated; sourceTree = "<group>"; };
/* End PBXFileSystemSynchronizedRootGroup section */

/* Begin PBXFrameworksBuildPhase section */
		ED45BD12202CC5FC00E4A9AD /* Frameworks */ = {
			isa = PBXFrameworksBuildPhase;
			buildActionMask = 2147483647;
			files = (
				ED01015F30574BAB00C0A1C4 /* LibVorbis in Frameworks */,
				ED0100DA305737B000C0A1C4 /* SwiftRPC in Frameworks */,
			);
			runOnlyForDeploymentPostprocessing = 0;
		};
/* End PBXFrameworksBuildPhase section */

/* Begin PBXGroup section */
		ED1CB7C725BE801300AD6D56 /* fun stuff */ = {
			isa = PBXGroup;
			children = (
				ED1CB7C825BE802900AD6D56 /* Octopus.swift */,
			);
			path = "fun stuff";
			sourceTree = "<group>";
		};
		ED2037682255D4E600E3AC22 /* resources */ = {
			isa = PBXGroup;
			children = (
				ED2CB5F329EA2D0E00D6EB19 /* starnormals.atlas */,
				ED2CB5EF29EA2CB200D6EB19 /* stars.atlas */,
				ED4179D62676DA2B00C6C297 /* Fonts */,
				ED9A4C23204CDCF10060DB17 /* gui */,
				ED527E0622A44C3D00C63A4D /* actions */,
				EDEBC43E22A3187D00655BB9 /* icon.atlas */,
				ED2037692255D87600E3AC22 /* textures */,
				ED211C642A2FE37F0069F537 /* Localizable.xcstrings */,
			);
			path = resources;
			sourceTree = "<group>";
		};
		ED2037692255D87600E3AC22 /* textures */ = {
			isa = PBXGroup;
			children = (
				ED842F0F2A0AD1DB00542AC4 /* bubble.png */,
				ED0EFC0F2661B5210006E7F9 /* keyboard_key.png */,
				ED1E87CC265F18A900A80228 /* help_drums.png */,
				ED20376A2255D88300E3AC22 /* noart.jpg */,
			);
			path = textures;
			sourceTree = "<group>";
		};
		ED2FB5DF22CFB23A00A4B484 /* Components */ = {
			isa = PBXGroup;
			children = (
				ED2FB5E022CFB2D200A4B484 /* NoteEntity.swift */,
				EDFB2D2225A9650000564689 /* OctopusComponent.swift */,
				ED6A3F2723D534D90095117E /* SongComp.swift */,
				ED67804B279DE18A0071CA9D /* RecordComp.swift */,
				ED678049279DE0E60071CA9D /* ColumnComp.swift */,
				ED678047279DE0630071CA9D /* StarsComp.swift */,
				EDC85A4322D147DD00D05BA1 /* TailComponent.swift */,
				EDB36DD422D2C06E00501DE2 /* StarNoteComponent.swift */,
				EDC7379A22D6D7F100B227A1 /* ActivatorComponent.swift */,
				ED9BE2CD22CFCD0F00D7B9BC /* GKComponentSystem.swift */,
			);
			path = Components;
			sourceTree = "<group>";
		};
		ED2FF7E6229A0AD3001B02C5 /* Playback */ = {
			isa = PBXGroup;
			children = (
				ED2FF7E7229A0AF6001B02C5 /* Jukebox.swift */,
				ED01016630574D4A00C0A1C4 /* NoiceAudioPlayer.swift */,
				EDC23A5930675FF8004E1F4B /* TrackJockey.swift */,
				ED78D0F2305E36AE00E60E1E /* NativeDecoder.swift */,
				ED01016030574C7200C0A1C4 /* OggDecoder.swift */,
				ED01016230574C9400C0A1C4 /* AVAudioPCMBuffer.swift */,
				ED78D0F6305E3F0D00E60E1E /* deprecated */,
			);
			path = Playback;
			sourceTree = "<group>";
		};
		ED3E0634266D9C70009AA716 /* state machine */ = {
			isa = PBXGroup;
			children = (
				ED4B12192675700400E8D0AD /* list */,
				ED4718B6266DB6B700B15DD8 /* DetailState.swift */,
				ED3E0635266D9C7E009AA716 /* HelpState.swift */,
				ED4718B4266DB68F00B15DD8 /* MenuState.swift */,
				ED4B11E726756E6100E8D0AD /* PausedState.swift */,
				ED4B11E5267567A700E8D0AD /* PlayState.swift */,
				ED4179D22676CC9F00C6C297 /* RewindState.swift */,
				ED4B121726756FA300E8D0AD /* ScoreState.swift */,
			);
			path = "state machine";
			sourceTree = "<group>";
		};
		ED45BD0C202CC5FC00E4A9AD = {
			isa = PBXGroup;
			children = (
				ED59D2A824441D0000CF8617 /* catalog.xcdatamodeld */,
				ED45BD17202CC5FC00E4A9AD /* Rubber Band */,
				ED45BD16202CC5FC00E4A9AD /* Products */,
			);
			sourceTree = "<group>";
			usesTabs = 1;
		};
		ED45BD16202CC5FC00E4A9AD /* Products */ = {
			isa = PBXGroup;
			children = (
				ED45BD15202CC5FC00E4A9AD /* noice.app */,
			);
			name = Products;
			sourceTree = "<group>";
		};
		ED45BD17202CC5FC00E4A9AD /* Rubber Band */ = {
			isa = PBXGroup;
			children = (
				ED4179D42676CCD100C6C297 /* sounds */,
				ED45BD23202CC5FC00E4A9AD /* Info.plist */,
				ED45BD1C202CC5FC00E4A9AD /* art.scnassets */,
				ED45BD18202CC5FC00E4A9AD /* AppDelegate.swift */,
				ED45BD38202CC69900E4A9AD /* GameView.swift */,
				ED45BD1A202CC5FC00E4A9AD /* GameViewController.swift */,
				ED76762A22CE9FE500FA2C82 /* notes.txt */,
				ED45BD1E202CC5FC00E4A9AD /* Assets.xcassets */,
				ED2FB5DF22CFB23A00A4B484 /* Components */,
				EDE65C0127C44DB50076279B /* Constants */,
				EDF6EA81229CD35D008E4E12 /* Cover Flow */,
				ED1CB7C725BE801300AD6D56 /* fun stuff */,
				EDF6EA83229CD47F008E4E12 /* GamePlay */,
				EDA0FC6422AC23C8005D5DFA /* Input Devices */,
				ED45BD20202CC5FC00E4A9AD /* Main.storyboard */,
				EDF6EA82229CD3D0008E4E12 /* MIDI */,
				ED2FF7E6229A0AD3001B02C5 /* Playback */,
				ED2037682255D4E600E3AC22 /* resources */,
				EDB2B99C22B2B72A001A57D1 /* Scenes */,
				ED3E0634266D9C70009AA716 /* state machine */,
				EDD3F07922C8744C00A51672 /* triggers */,
				ED69356922ACE08C00C35F78 /* User Data */,
				EDD306DC29E7BCB70056CAE7 /* Utilities */,
			);
			path = "Rubber Band";
			sourceTree = "<group>";
		};
		ED4B12192675700400E8D0AD /* list */ = {
			isa = PBXGroup;
			children = (
				ED4718B2266DB61700B15DD8 /* ListState.swift */,
				ED4718BC266DF77300B15DD8 /* AddedState.swift */,
				ED4718BA266DF47000B15DD8 /* HistoryState.swift */,
				ED4718BE266DF7A800B15DD8 /* RelatedState.swift */,
			);
			path = list;
			sourceTree = "<group>";
		};
		ED527E0622A44C3D00C63A4D /* actions */ = {
			isa = PBXGroup;
			children = (
				ED025D2D30576EA6003710F4 /* Actions.swift */,
				ED3FC50022422EFA00A87047 /* MyActions.sks */,
				ED08671E2256DE3D00D36AA4 /* action.sks */,
			);
			path = actions;
			sourceTree = "<group>";
		};
		ED69356922ACE08C00C35F78 /* User Data */ = {
			isa = PBXGroup;
			children = (
				EDF83AC72285095800D07E7A /* KeyPaths.swift */,
				EDF8DE0521103D5E00F0BAE8 /* User.swift */,
				ED69356A22ACE0AF00C35F78 /* Defaults.swift */,
				ED85A41B22BF412C00D0C94D /* CoreData.swift */,
				ED0CB21525FDC9D800B57428 /* Anal.swift */,
				ED21999C274200E600808587 /* extensions.swift */,
				ED85361727A8DD6C00CD9021 /* DiscordRP.swift */,
			);
			path = "User Data";
			sourceTree = "<group>";
		};
		ED9A4C23204CDCF10060DB17 /* gui */ = {
			isa = PBXGroup;
			children = (
				ED2903432058F8A0006BF673 /* scoredisplay.sks */,
				ED9A4C24204CDD8E0060DB17 /* titleDisplay.sks */,
				ED8C8A7D22815B5A00A95214 /* LoadingScreen.sks */,
				ED16ADAD2A06130F00AF1B9D /* Assets.xcassets */,
				EDADB14122A8EB890055A98D /* gameStats.sks */,
				ED16ADB62A06313100AF1B9D /* MyParticle.sks */,
			);
			path = gui;
			sourceTree = "<group>";
		};
		EDA0FC6422AC23C8005D5DFA /* Input Devices */ = {
			isa = PBXGroup;
			children = (
				EDAE97F022D43052004A3DA7 /* DifficultyConfig.swift */,
				EDCACDD520F59EB4008C6DA4 /* ControlInputs.swift */,
				EDA0FC6522AC2406005D5DFA /* Instrument.swift */,
			);
			path = "Input Devices";
			sourceTree = "<group>";
		};
		EDB2B99C22B2B72A001A57D1 /* Scenes */ = {
			isa = PBXGroup;
			children = (
				ED025D0630576486003710F4 /* SongDetails.swift */,
				EDB2B99D22B2B74D001A57D1 /* StageManager.swift */,
				EDB2B9BF22B30F4B001A57D1 /* SongMenuOverlay.swift */,
				ED2AA00822B4838B00E61D89 /* SongMenu.swift */,
				ED2AA00C22B4B53200E61D89 /* DrumStage.swift */,
				ED2AA00E22B4B8A000E61D89 /* GuitarStage.swift */,
				EDBD45BA22C9D64F001DB5D4 /* PianoStage.swift */,
				EDD3F07722C846A800A51672 /* Track.swift */,
				EDED00DA22C9587300D3D804 /* Performing.swift */,
				EDD1295A26008B730036FCA1 /* Backdrop.swift */,
				ED792E722601553B0045EDFE /* Shaders.swift */,
			);
			path = Scenes;
			sourceTree = "<group>";
		};
		EDD306DC29E7BCB70056CAE7 /* Utilities */ = {
			isa = PBXGroup;
			children = (
				EDD306E129E7BF770056CAE7 /* TextureMover.swift */,
				ED025D3B3059C616003710F4 /* iniCleanser.swift */,
				EDA3A5A229EF873D001B96AB /* LoadingScreen.swift */,
				ED0318FA2A11F4A60091177B /* Experimental.swift */,
			);
			path = Utilities;
			sourceTree = "<group>";
		};
		EDD3F07922C8744C00A51672 /* triggers */ = {
			isa = PBXGroup;
			children = (
				EDC7379E22D6D8EF00B227A1 /* StringTriggers.swift */,
				EDC7379C22D6D87100B227A1 /* DrumTrigger.swift */,
				EDD3F07A22C8747B00A51672 /* Burstable.swift */,
				EDBD45BC22C9DC14001DB5D4 /* KeyUpDel.swift */,
			);
			path = triggers;
			sourceTree = "<group>";
		};
		EDE65C0127C44DB50076279B /* Constants */ = {
			isa = PBXGroup;
			children = (
				EDE65C0427C44EDC0076279B /* Color.swift */,
				EDE65C0627C4509D0076279B /* GemBit.swift */,
			);
			path = Constants;
			sourceTree = "<group>";
		};
		EDF6EA81229CD35D008E4E12 /* Cover Flow */ = {
			isa = PBXGroup;
			children = (
				ED0B5FBB204A847D00524979 /* SongFinder.swift */,
				ED7EAC6A2050A124003F1A8E /* SongManager.swift */,
				EDF71BA223F09C6300EEE4DE /* RowCall.swift */,
				ED8198CD211CDA17001849F7 /* CoverArt.swift */,
				ED4A77E326025D54008ECCA9 /* SongLister.swift */,
				ED96C8C623DAD3E500D8B488 /* UpNext.swift */,
				ED274DA221141BA000CC788C /* ChartIcons.swift */,
				ED5C68CD266079270081A557 /* Help.swift */,
			);
			path = "Cover Flow";
			sourceTree = "<group>";
		};
		EDF6EA82229CD3D0008E4E12 /* MIDI */ = {
			isa = PBXGroup;
			children = (
				EDDF1E8A26DB3B6200CAFCE6 /* MusicSheet.swift */,
				ED1F1E7B22B1CDC000B21883 /* Strings.swift */,
				ED2FE4A422D5833600F18789 /* Drums.swift */,
				EDB79420224203D10036AB69 /* Vocalist.swift */,
				ED97F67F20F1E373001FAAE0 /* TimeCode.swift */,
				ED3EFCD120EF3AA10015701A /* PaceMaker.swift */,
				ED1665352033E3FC0099DE12 /* FZMIDI.swift */,
				ED153705204297A300ADBA12 /* MIDIDevices.swift */,
				ED45BD3A202CC6DC00E4A9AD /* GemMaker.swift */,
			);
			path = MIDI;
			sourceTree = "<group>";
		};
		EDF6EA83229CD47F008E4E12 /* GamePlay */ = {
			isa = PBXGroup;
			children = (
				ED025D003057640B003710F4 /* Stars.swift */,
				ED8B5150206ED4CB000DB769 /* ScoreKeeper.swift */,
				ED75815F241588ED00A59BF7 /* ScoreBoard.swift */,
				ED4509F229E4F2AC0034A098 /* RandomPlay.swift */,
				ED758161241588FF00A59BF7 /* ScoreManager.swift */,
				ED12650320649BAE002423A8 /* StarPower.swift */,
				EDF5320922894937006F17AC /* Highway.swift */,
				EDB7D8DF3057286D002E8AC4 /* Spherex.swift */,
				EDCAA7F8224221C200A4856C /* VocalCoach.swift */,
				ED51B8302796A4830010950B /* TitleCredit.swift */,
			);
			path = GamePlay;
			sourceTree = "<group>";
		};
/* End PBXGroup section */

/* Begin PBXNativeTarget section */
		ED45BD14202CC5FC00E4A9AD /* noice */ = {
			isa = PBXNativeTarget;
			buildConfigurationList = ED45BD32202CC5FC00E4A9AD /* Build configuration list for PBXNativeTarget "noice" */;
			buildPhases = (
				ED45BD11202CC5FC00E4A9AD /* Sources */,
				ED45BD12202CC5FC00E4A9AD /* Frameworks */,
				ED45BD13202CC5FC00E4A9AD /* Resources */,
			);
			buildRules = (
			);
			dependencies = (
			);
			fileSystemSynchronizedGroups = (
				ED78D0F6305E3F0D00E60E1E /* deprecated */,
			);
			name = noice;
			packageProductDependencies = (
				ED0100D9305737B000C0A1C4 /* SwiftRPC */,
				ED01015E30574BAB00C0A1C4 /* LibVorbis */,
			);
			productName = "Rubber Band";
			productReference = ED45BD15202CC5FC00E4A9AD /* noice.app */;
			productType = "com.apple.product-type.application";
		};
/* End PBXNativeTarget section */

/* Begin PBXProject section */
		ED45BD0D202CC5FC00E4A9AD /* Project object */ = {
			isa = PBXProject;
			attributes = {
				BuildIndependentTargetsInParallel = YES;
				KnownAssetTags = (
					UI,
				);
				LastSwiftUpdateCheck = 0920;
				LastUpgradeCheck = 2700;
				ORGANIZATIONNAME = Artecolote;
				TargetAttributes = {
					ED45BD14202CC5FC00E4A9AD = {
						CreatedOnToolsVersion = 9.2;
						LastSwiftMigration = "";
						SystemCapabilities = {
							com.apple.Sandbox = {
								enabled = 1;
							};
						};
					};
				};
			};
			buildConfigurationList = ED45BD10202CC5FC00E4A9AD /* Build configuration list for PBXProject "noice" */;
			compatibilityVersion = "Xcode 10.0";
			developmentRegion = en;
			hasScannedForEncodings = 0;
			knownRegions = (
				en,
				Base,
				"es-419",
			);
			mainGroup = ED45BD0C202CC5FC00E4A9AD;
			packageReferences = (
				ED0100D8305737B000C0A1C4 /* XCRemoteSwiftPackageReference "SwiftRPC" */,
				ED01015D30574BAB00C0A1C4 /* XCRemoteSwiftPackageReference "vorbis-swift" */,
			);
			productRefGroup = ED45BD16202CC5FC00E4A9AD /* Products */;
			projectDirPath = "";
			projectRoot = "";
			targets = (
				ED45BD14202CC5FC00E4A9AD /* noice */,
			);
		};
/* End PBXProject section */

/* Begin PBXResourcesBuildPhase section */
		ED45BD13202CC5FC00E4A9AD /* Resources */ = {
			isa = PBXResourcesBuildPhase;
			buildActionMask = 2147483647;
			files = (
				ED2CB5F429EA2D0E00D6EB19 /* starnormals.atlas in Resources */,
				ED45BD22202CC5FC00E4A9AD /* Main.storyboard in Resources */,
				ED2903442058F8A0006BF673 /* scoredisplay.sks in Resources */,
				ED16ADAF2A06130F00AF1B9D /* Assets.xcassets in Resources */,
				EDADB14222A8EB890055A98D /* gameStats.sks in Resources */,
				ED211C652A2FE37F0069F537 /* Localizable.xcstrings in Resources */,
				ED9A4C25204CDD8E0060DB17 /* titleDisplay.sks in Resources */,
				ED08671F2256DE3D00D36AA4 /* action.sks in Resources */,
				EDEBC43F22A3187E00655BB9 /* icon.atlas in Resources */,
				ED3FC50122422EFA00A87047 /* MyActions.sks in Resources */,
				ED1E87CD265F18A900A80228 /* help_drums.png in Resources */,
				ED16ADB72A06313100AF1B9D /* MyParticle.sks in Resources */,
				ED4179D52676CCD100C6C297 /* sounds in Resources */,
				ED8C8A7E22815B5A00A95214 /* LoadingScreen.sks in Resources */,
				ED20376B2255D88300E3AC22 /* noart.jpg in Resources */,
				ED0EFC102661B5210006E7F9 /* keyboard_key.png in Resources */,
				ED2CB5F029EA2CB200D6EB19 /* stars.atlas in Resources */,
				ED4179D72676DA2B00C6C297 /* Fonts in Resources */,
				ED842F102A0AD1DB00542AC4 /* bubble.png in Resources */,
				ED45BD1F202CC5FC00E4A9AD /* Assets.xcassets in Resources */,
				ED45BD1D202CC5FC00E4A9AD /* art.scnassets in Resources */,
			);
			runOnlyForDeploymentPostprocessing = 0;
		};
/* End PBXResourcesBuildPhase section */

/* Begin PBXSourcesBuildPhase section */
		ED45BD11202CC5FC00E4A9AD /* Sources */ = {
			isa = PBXSourcesBuildPhase;
			buildActionMask = 2147483647;
			files = (
				ED6A3F2823D534D90095117E /* SongComp.swift in Sources */,
				ED9DF53D3059F6C100B1F1BC /* Stars.swift in Sources */,
				EDDF1E8B26DB3E6F00CAFCE6 /* MusicSheet.swift in Sources */,
				ED153706204297A300ADBA12 /* MIDIDevices.swift in Sources */,
				EDFB2D2325A9650000564689 /* OctopusComponent.swift in Sources */,
				ED4718B3266DB61700B15DD8 /* ListState.swift in Sources */,
				EDB2B9C022B30F4B001A57D1 /* SongMenuOverlay.swift in Sources */,
				ED85A41C22BF412C00D0C94D /* CoreData.swift in Sources */,
				ED45BD1B202CC5FC00E4A9AD /* GameViewController.swift in Sources */,
				EDA3A5A329EF873D001B96AB /* LoadingScreen.swift in Sources */,
				ED4A77E426025D54008ECCA9 /* SongLister.swift in Sources */,
				ED8B5151206ED4CB000DB769 /* ScoreKeeper.swift in Sources */,
				ED4718BF266DF7A800B15DD8 /* RelatedState.swift in Sources */,
				EDF5320A22894937006F17AC /* Highway.swift in Sources */,
				ED2AA00F22B4B8A000E61D89 /* GuitarStage.swift in Sources */,
				ED025D2E30576EA6003710F4 /* Actions.swift in Sources */,
				EDAE97F122D43052004A3DA7 /* DifficultyConfig.swift in Sources */,
				ED4718BD266DF77300B15DD8 /* AddedState.swift in Sources */,
				ED59D2AA24441D0000CF8617 /* catalog.xcdatamodeld in Sources */,
				EDB2B99E22B2B74D001A57D1 /* StageManager.swift in Sources */,
				EDD1295B26008B730036FCA1 /* Backdrop.swift in Sources */,
				ED1F1E7C22B1CDC000B21883 /* Strings.swift in Sources */,
				EDF8DE0621103D5E00F0BAE8 /* User.swift in Sources */,
				ED12650420649BAE002423A8 /* StarPower.swift in Sources */,
				ED3E0636266D9C7E009AA716 /* HelpState.swift in Sources */,
				ED0CB21625FDC9D800B57428 /* Anal.swift in Sources */,
				ED2FE4A522D5833600F18789 /* Drums.swift in Sources */,
				ED2AA00D22B4B53200E61D89 /* DrumStage.swift in Sources */,
				ED7EAC6B2050A124003F1A8E /* SongManager.swift in Sources */,
				EDF83AC82285095800D07E7A /* KeyPaths.swift in Sources */,
				ED1665362033E3FC0099DE12 /* FZMIDI.swift in Sources */,
				EDC7379B22D6D7F100B227A1 /* ActivatorComponent.swift in Sources */,
				ED2FF7E8229A0AF6001B02C5 /* Jukebox.swift in Sources */,
				EDCACDD620F59EB4008C6DA4 /* ControlInputs.swift in Sources */,
				ED01016130574C7200C0A1C4 /* OggDecoder.swift in Sources */,
				ED274DA321141BA000CC788C /* ChartIcons.swift in Sources */,
				ED025D0730576486003710F4 /* SongDetails.swift in Sources */,
				ED025D3C3059C616003710F4 /* iniCleanser.swift in Sources */,
				EDC23A5A30675FF8004E1F4B /* TrackJockey.swift in Sources */,
				ED758162241588FF00A59BF7 /* ScoreManager.swift in Sources */,
				ED01016330574C9400C0A1C4 /* AVAudioPCMBuffer.swift in Sources */,
				EDCAA7F9224221C200A4856C /* VocalCoach.swift in Sources */,
				ED69356B22ACE0AF00C35F78 /* Defaults.swift in Sources */,
				ED85361827A8DD6C00CD9021 /* DiscordRP.swift in Sources */,
				ED5C68CE266079270081A557 /* Help.swift in Sources */,
				EDED00DB22C9587300D3D804 /* Performing.swift in Sources */,
				ED3EFCD220EF3AA10015701A /* PaceMaker.swift in Sources */,
				ED45BD39202CC69900E4A9AD /* GameView.swift in Sources */,
				EDC7379F22D6D8EF00B227A1 /* StringTriggers.swift in Sources */,
				EDC85A4422D147DD00D05BA1 /* TailComponent.swift in Sources */,
				ED45BD19202CC5FC00E4A9AD /* AppDelegate.swift in Sources */,
				EDB79421224203D10036AB69 /* Vocalist.swift in Sources */,
				EDB7D8E03057286D002E8AC4 /* Spherex.swift in Sources */,
				ED67804C279DE18A0071CA9D /* RecordComp.swift in Sources */,
				EDA0FC6622AC2406005D5DFA /* Instrument.swift in Sources */,
				ED4718B5266DB68F00B15DD8 /* MenuState.swift in Sources */,
				ED2AA00922B4838B00E61D89 /* SongMenu.swift in Sources */,
				ED51B8312796A4830010950B /* TitleCredit.swift in Sources */,
				ED0B5FBC204A847D00524979 /* SongFinder.swift in Sources */,
				ED9BE2CE22CFCD0F00D7B9BC /* GKComponentSystem.swift in Sources */,
				ED8198CE211CDA17001849F7 /* CoverArt.swift in Sources */,
				EDF71BA323F09C6300EEE4DE /* RowCall.swift in Sources */,
				ED1CB7C925BE802900AD6D56 /* Octopus.swift in Sources */,
				EDBD45BB22C9D64F001DB5D4 /* PianoStage.swift in Sources */,
				ED0318FB2A11F4A60091177B /* Experimental.swift in Sources */,
				ED4718B7266DB6B700B15DD8 /* DetailState.swift in Sources */,
				ED678048279DE0630071CA9D /* StarsComp.swift in Sources */,
				ED4718BB266DF47000B15DD8 /* HistoryState.swift in Sources */,
				ED4B11E6267567A700E8D0AD /* PlayState.swift in Sources */,
				EDBD45BD22C9DC14001DB5D4 /* KeyUpDel.swift in Sources */,
				ED21999D274200E600808587 /* extensions.swift in Sources */,
				ED45BD3B202CC6DC00E4A9AD /* GemMaker.swift in Sources */,
				EDD306E229E7BF770056CAE7 /* TextureMover.swift in Sources */,
				EDD3F07B22C8747B00A51672 /* Burstable.swift in Sources */,
				EDE65C0527C44EDC0076279B /* Color.swift in Sources */,
				ED96C8C723DAD3E500D8B488 /* UpNext.swift in Sources */,
				EDC7379D22D6D87100B227A1 /* DrumTrigger.swift in Sources */,
				ED78D0F3305E36AE00E60E1E /* NativeDecoder.swift in Sources */,
				EDB36DD522D2C06E00501DE2 /* StarNoteComponent.swift in Sources */,
				ED67804A279DE0E60071CA9D /* ColumnComp.swift in Sources */,
				ED01016730574D4A00C0A1C4 /* NoiceAudioPlayer.swift in Sources */,
				ED792E732601553B0045EDFE /* Shaders.swift in Sources */,
				ED758160241588ED00A59BF7 /* ScoreBoard.swift in Sources */,
				ED4B121826756FA300E8D0AD /* ScoreState.swift in Sources */,
				EDE65C0727C4509D0076279B /* GemBit.swift in Sources */,
				ED4B11E826756E6100E8D0AD /* PausedState.swift in Sources */,
				ED4509F329E4F2AC0034A098 /* RandomPlay.swift in Sources */,
				EDD3F07822C846A800A51672 /* Track.swift in Sources */,
				ED4179D32676CC9F00C6C297 /* RewindState.swift in Sources */,
				ED2FB5E122CFB2D200A4B484 /* NoteEntity.swift in Sources */,
			);
			runOnlyForDeploymentPostprocessing = 0;
		};
/* End PBXSourcesBuildPhase section */

/* Begin PBXVariantGroup section */
		ED45BD20202CC5FC00E4A9AD /* Main.storyboard */ = {
			isa = PBXVariantGroup;
			children = (
				ED45BD21202CC5FC00E4A9AD /* Base */,
				ED211C632A2FE1890069F537 /* mul */,
			);
			name = Main.storyboard;
			sourceTree = "<group>";
		};
/* End PBXVariantGroup section */

/* Begin XCBuildConfiguration section */
		ED45BD30202CC5FC00E4A9AD /* Debug */ = {
			isa = XCBuildConfiguration;
			buildSettings = {
				ALWAYS_SEARCH_USER_PATHS = NO;
				CLANG_ANALYZER_LOCALIZABILITY_NONLOCALIZED = YES;
				CLANG_ANALYZER_NONNULL = YES;
				CLANG_ANALYZER_NUMBER_OBJECT_CONVERSION = YES_AGGRESSIVE;
				CLANG_CXX_LANGUAGE_STANDARD = "gnu++14";
				CLANG_CXX_LIBRARY = "libc++";
				CLANG_ENABLE_MODULES = YES;
				CLANG_ENABLE_OBJC_ARC = YES;
				CLANG_WARN_BLOCK_CAPTURE_AUTORELEASING = YES;
				CLANG_WARN_BOOL_CONVERSION = YES;
				CLANG_WARN_COMMA = YES;
				CLANG_WARN_CONSTANT_CONVERSION = YES;
				CLANG_WARN_DEPRECATED_OBJC_IMPLEMENTATIONS = YES;
				CLANG_WARN_DIRECT_OBJC_ISA_USAGE = YES_ERROR;
				CLANG_WARN_DOCUMENTATION_COMMENTS = YES;
				CLANG_WARN_EMPTY_BODY = YES;
				CLANG_WARN_ENUM_CONVERSION = YES;
				CLANG_WARN_INFINITE_RECURSION = YES;
				CLANG_WARN_INT_CONVERSION = YES;
				CLANG_WARN_NON_LITERAL_NULL_CONVERSION = YES;
				CLANG_WARN_OBJC_IMPLICIT_RETAIN_SELF = YES;
				CLANG_WARN_OBJC_LITERAL_CONVERSION = YES;
				CLANG_WARN_OBJC_ROOT_CLASS = YES_ERROR;
				CLANG_WARN_QUOTED_INCLUDE_IN_FRAMEWORK_HEADER = NO;
				CLANG_WARN_RANGE_LOOP_ANALYSIS = YES;
				CLANG_WARN_STRICT_PROTOTYPES = YES;
				CLANG_WARN_SUSPICIOUS_MOVE = YES;
				CLANG_WARN_UNGUARDED_AVAILABILITY = YES_AGGRESSIVE;
				CLANG_WARN_UNREACHABLE_CODE = YES;
				CLANG_WARN__DUPLICATE_METHOD_MATCH = YES;
				CODE_SIGN_IDENTITY = "Apple Development";
				COPY_PHASE_STRIP = NO;
				DEAD_CODE_STRIPPING = YES;
				DEBUG_INFORMATION_FORMAT = dwarf;
				DEVELOPMENT_TEAM = R3QXN3P2CK;
				ENABLE_STRICT_OBJC_MSGSEND = YES;
				ENABLE_TESTABILITY = YES;
				ENABLE_USER_SCRIPT_SANDBOXING = YES;
				EXCLUDED_ARCHS = "";
				GCC_C_LANGUAGE_STANDARD = gnu11;
				GCC_DYNAMIC_NO_PIC = NO;
				GCC_NO_COMMON_BLOCKS = YES;
				GCC_OPTIMIZATION_LEVEL = 0;
				GCC_PREPROCESSOR_DEFINITIONS = (
					"DEBUG=1",
					"$(inherited)",
				);
				GCC_WARN_64_TO_32_BIT_CONVERSION = YES;
				GCC_WARN_ABOUT_RETURN_TYPE = YES_ERROR;
				GCC_WARN_UNDECLARED_SELECTOR = YES;
				GCC_WARN_UNINITIALIZED_AUTOS = YES_AGGRESSIVE;
				GCC_WARN_UNUSED_FUNCTION = YES;
				GCC_WARN_UNUSED_VARIABLE = YES;
				LOCALIZATION_PREFERS_STRING_CATALOGS = YES;
				MACOSX_DEPLOYMENT_TARGET = 10.13;
				MTL_ENABLE_DEBUG_INFO = YES;
				ONLY_ACTIVE_ARCH = YES;
				SDKROOT = macosx;
				STRING_CATALOG_GENERATE_SYMBOLS = YES;
				SWIFT_ACTIVE_COMPILATION_CONDITIONS = DEBUG;
				SWIFT_OPTIMIZATION_LEVEL = "-Onone";
			};
			name = Debug;
		};
		ED45BD31202CC5FC00E4A9AD /* Release */ = {
			isa = XCBuildConfiguration;
			buildSettings = {
				ALWAYS_SEARCH_USER_PATHS = NO;
				CLANG_ANALYZER_LOCALIZABILITY_NONLOCALIZED = YES;
				CLANG_ANALYZER_NONNULL = YES;
				CLANG_ANALYZER_NUMBER_OBJECT_CONVERSION = YES_AGGRESSIVE;
				CLANG_CXX_LANGUAGE_STANDARD = "gnu++14";
				CLANG_CXX_LIBRARY = "libc++";
				CLANG_ENABLE_MODULES = YES;
				CLANG_ENABLE_OBJC_ARC = YES;
				CLANG_WARN_BLOCK_CAPTURE_AUTORELEASING = YES;
				CLANG_WARN_BOOL_CONVERSION = YES;
				CLANG_WARN_COMMA = YES;
				CLANG_WARN_CONSTANT_CONVERSION = YES;
				CLANG_WARN_DEPRECATED_OBJC_IMPLEMENTATIONS = YES;
				CLANG_WARN_DIRECT_OBJC_ISA_USAGE = YES_ERROR;
				CLANG_WARN_DOCUMENTATION_COMMENTS = YES;
				CLANG_WARN_EMPTY_BODY = YES;
				CLANG_WARN_ENUM_CONVERSION = YES;
				CLANG_WARN_INFINITE_RECURSION = YES;
				CLANG_WARN_INT_CONVERSION = YES;
				CLANG_WARN_NON_LITERAL_NULL_CONVERSION = YES;
				CLANG_WARN_OBJC_IMPLICIT_RETAIN_SELF = YES;
				CLANG_WARN_OBJC_LITERAL_CONVERSION = YES;
				CLANG_WARN_OBJC_ROOT_CLASS = YES_ERROR;
				CLANG_WARN_QUOTED_INCLUDE_IN_FRAMEWORK_HEADER = NO;
				CLANG_WARN_RANGE_LOOP_ANALYSIS = YES;
				CLANG_WARN_STRICT_PROTOTYPES = YES;
				CLANG_WARN_SUSPICIOUS_MOVE = YES;
				CLANG_WARN_UNGUARDED_AVAILABILITY = YES_AGGRESSIVE;
				CLANG_WARN_UNREACHABLE_CODE = YES;
				CLANG_WARN__DUPLICATE_METHOD_MATCH = YES;
				CODE_SIGN_IDENTITY = "Apple Development";
				COPY_PHASE_STRIP = NO;
				DEAD_CODE_STRIPPING = YES;
				DEBUG_INFORMATION_FORMAT = "dwarf-with-dsym";
				DEVELOPMENT_TEAM = R3QXN3P2CK;
				ENABLE_NS_ASSERTIONS = NO;
				ENABLE_STRICT_OBJC_MSGSEND = YES;
				ENABLE_USER_SCRIPT_SANDBOXING = YES;
				EXCLUDED_ARCHS = "";
				GCC_C_LANGUAGE_STANDARD = gnu11;
				GCC_NO_COMMON_BLOCKS = YES;
				GCC_WARN_64_TO_32_BIT_CONVERSION = YES;
				GCC_WARN_ABOUT_RETURN_TYPE = YES_ERROR;
				GCC_WARN_UNDECLARED_SELECTOR = YES;
				GCC_WARN_UNINITIALIZED_AUTOS = YES_AGGRESSIVE;
				GCC_WARN_UNUSED_FUNCTION = YES;
				GCC_WARN_UNUSED_VARIABLE = YES;
				LOCALIZATION_PREFERS_STRING_CATALOGS = YES;
				MACOSX_DEPLOYMENT_TARGET = 10.13;
				MTL_ENABLE_DEBUG_INFO = NO;
				ONLY_ACTIVE_ARCH = NO;
				SDKROOT = macosx;
				STRING_CATALOG_GENERATE_SYMBOLS = YES;
				SWIFT_OPTIMIZATION_LEVEL = "-Onone";
			};
			name = Release;
		};
		ED45BD33202CC5FC00E4A9AD /* Debug */ = {
			isa = XCBuildConfiguration;
			buildSettings = {
				APP_SHORTCUTS_ENABLE_FLEXIBLE_MATCHING = NO;
				ASSETCATALOG_COMPILER_APPICON_NAME = AppIcon;
				ASSETCATALOG_COMPILER_INCLUDE_ALL_APPICON_ASSETS = NO;
				BUILD_LIBRARY_FOR_DISTRIBUTION = NO;
				CLANG_ENABLE_MODULES = YES;
				CLANG_WARN_QUOTED_INCLUDE_IN_FRAMEWORK_HEADER = YES_ERROR;
				CODE_SIGN_IDENTITY = "-";
				CODE_SIGN_INJECT_BASE_ENTITLEMENTS = NO;
				CODE_SIGN_STYLE = Manual;
				COMBINE_HIDPI_IMAGES = YES;
				CURRENT_PROJECT_VERSION = 30;
				DEAD_CODE_STRIPPING = YES;
				DEVELOPMENT_TEAM = "";
				ENABLE_HARDENED_RUNTIME = NO;
				FRAMEWORK_SEARCH_PATHS = (
					"\"$(SRCROOT)\"/**",
					"$(PROJECT_DIR)/Frameworks",
				);
				HEADER_SEARCH_PATHS = (
					"${SOURCE_ROOT}/ffmpeg/**",
					"${SOURCE_ROOT}/**",
				);
				INFOPLIST_FILE = "Rubber Band/Info.plist";
				INFOPLIST_KEY_CFBundleDisplayName = noice;
				INFOPLIST_KEY_LSApplicationCategoryType = "public.app-category.music-games";
				LD_QUOTE_LINKER_ARGUMENTS_FOR_COMPILER_DRIVER = YES;
				LD_RUNPATH_SEARCH_PATHS = (
					"$(inherited)",
					"@executable_path/../Frameworks",
					"@loader_path/../Frameworks",
				);
				LIBRARY_SEARCH_PATHS = (
					"$(inherited)",
					"$(PROJECT_DIR)/Frameworks",
					"$(PROJECT_DIR)",
					"$(PROJECT_DIR)/Frameworks/MIKMIDI.framework/Versions/A",
				);
				MACOSX_DEPLOYMENT_TARGET = "$(RECOMMENDED_MACOSX_DEPLOYMENT_TARGET)";
				MARKETING_VERSION = 1.3;
				ONLY_ACTIVE_ARCH = YES;
				OTHER_LDFLAGS = "";
				PRODUCT_BUNDLE_IDENTIFIER = com.inertlab.noice;
				PRODUCT_NAME = "$(TARGET_NAME)";
				PROVISIONING_PROFILE_SPECIFIER = "";
				SWIFT_EMIT_LOC_STRINGS = YES;
				SWIFT_OPTIMIZATION_LEVEL = "-Onone";
				SWIFT_PRECOMPILE_BRIDGING_HEADER = NO;
				SWIFT_VERSION = 5.0;
			};
			name = Debug;
		};
		ED45BD34202CC5FC00E4A9AD /* Release */ = {
			isa = XCBuildConfiguration;
			buildSettings = {
				APP_SHORTCUTS_ENABLE_FLEXIBLE_MATCHING = NO;
				ASSETCATALOG_COMPILER_APPICON_NAME = AppIcon;
				ASSETCATALOG_COMPILER_INCLUDE_ALL_APPICON_ASSETS = NO;
				AUTOMATION_APPLE_EVENTS = NO;
				BUILD_LIBRARY_FOR_DISTRIBUTION = NO;
				CLANG_ENABLE_MODULES = YES;
				CLANG_WARN_QUOTED_INCLUDE_IN_FRAMEWORK_HEADER = YES_ERROR;
				CODE_SIGN_IDENTITY = "Apple Development";
				"CODE_SIGN_IDENTITY[sdk=macosx*]" = "-";
				CODE_SIGN_INJECT_BASE_ENTITLEMENTS = NO;
				CODE_SIGN_STYLE = Manual;
				COMBINE_HIDPI_IMAGES = YES;
				CURRENT_PROJECT_VERSION = 30;
				DEAD_CODE_STRIPPING = YES;
				DEVELOPMENT_TEAM = "";
				ENABLE_HARDENED_RUNTIME = NO;
				ENABLE_RESOURCE_ACCESS_AUDIO_INPUT = NO;
				ENABLE_RESOURCE_ACCESS_CALENDARS = NO;
				ENABLE_RESOURCE_ACCESS_CAMERA = NO;
				ENABLE_RESOURCE_ACCESS_CONTACTS = NO;
				ENABLE_RESOURCE_ACCESS_LOCATION = NO;
				ENABLE_RESOURCE_ACCESS_PHOTO_LIBRARY = NO;
				FRAMEWORK_SEARCH_PATHS = (
					"\"$(SRCROOT)\"/**",
					"$(PROJECT_DIR)/Frameworks",
				);
				HEADER_SEARCH_PATHS = (
					"${SOURCE_ROOT}/ffmpeg/**",
					"${SOURCE_ROOT}/**",
				);
				INFOPLIST_FILE = "Rubber Band/Info.plist";
				INFOPLIST_KEY_CFBundleDisplayName = noice;
				INFOPLIST_KEY_LSApplicationCategoryType = "public.app-category.music-games";
				LD_QUOTE_LINKER_ARGUMENTS_FOR_COMPILER_DRIVER = YES;
				LD_RUNPATH_SEARCH_PATHS = (
					"$(inherited)",
					"@executable_path/../Frameworks",
					"@loader_path/../Frameworks",
				);
				LIBRARY_SEARCH_PATHS = (
					"$(inherited)",
					"$(PROJECT_DIR)/Frameworks",
					"$(PROJECT_DIR)",
					"$(PROJECT_DIR)/Frameworks/MIKMIDI.framework/Versions/A",
				);
				MACOSX_DEPLOYMENT_TARGET = "$(RECOMMENDED_MACOSX_DEPLOYMENT_TARGET)";
				MARKETING_VERSION = 1.3;
				ONLY_ACTIVE_ARCH = NO;
				OTHER_LDFLAGS = "";
				PRODUCT_BUNDLE_IDENTIFIER = com.inertlab.noice;
				PRODUCT_NAME = "$(TARGET_NAME)";
				PROVISIONING_PROFILE_SPECIFIER = "";
				RUNTIME_EXCEPTION_ALLOW_DYLD_ENVIRONMENT_VARIABLES = NO;
				RUNTIME_EXCEPTION_ALLOW_JIT = NO;
				RUNTIME_EXCEPTION_ALLOW_UNSIGNED_EXECUTABLE_MEMORY = NO;
				RUNTIME_EXCEPTION_DEBUGGING_TOOL = NO;
				RUNTIME_EXCEPTION_DISABLE_EXECUTABLE_PAGE_PROTECTION = NO;
				RUNTIME_EXCEPTION_DISABLE_LIBRARY_VALIDATION = NO;
				SWIFT_EMIT_LOC_STRINGS = YES;
				SWIFT_PRECOMPILE_BRIDGING_HEADER = NO;
				SWIFT_VERSION = 5.0;
			};
			name = Release;
		};
/* End XCBuildConfiguration section */

/* Begin XCConfigurationList section */
		ED45BD10202CC5FC00E4A9AD /* Build configuration list for PBXProject "noice" */ = {
			isa = XCConfigurationList;
			buildConfigurations = (
				ED45BD30202CC5FC00E4A9AD /* Debug */,
				ED45BD31202CC5FC00E4A9AD /* Release */,
			);
			defaultConfigurationIsVisible = 0;
			defaultConfigurationName = Release;
		};
		ED45BD32202CC5FC00E4A9AD /* Build configuration list for PBXNativeTarget "noice" */ = {
			isa = XCConfigurationList;
			buildConfigurations = (
				ED45BD33202CC5FC00E4A9AD /* Debug */,
				ED45BD34202CC5FC00E4A9AD /* Release */,
			);
			defaultConfigurationIsVisible = 0;
			defaultConfigurationName = Release;
		};
/* End XCConfigurationList section */

/* Begin XCRemoteSwiftPackageReference section */
		ED0100D8305737B000C0A1C4 /* XCRemoteSwiftPackageReference "SwiftRPC" */ = {
			isa = XCRemoteSwiftPackageReference;
			repositoryURL = "https://github.com/TopScrech/SwiftRPC.git";
			requirement = {
				kind = upToNextMajorVersion;
				minimumVersion = 1.0.0;
			};
		};
		ED01015D30574BAB00C0A1C4 /* XCRemoteSwiftPackageReference "vorbis-swift" */ = {
			isa = XCRemoteSwiftPackageReference;
			repositoryURL = "https://github.com/HealsCodes/vorbis-swift.git";
			requirement = {
				kind = upToNextMajorVersion;
				minimumVersion = 1.3.7;
			};
		};
/* End XCRemoteSwiftPackageReference section */

/* Begin XCSwiftPackageProductDependency section */
		ED0100D9305737B000C0A1C4 /* SwiftRPC */ = {
			isa = XCSwiftPackageProductDependency;
			package = ED0100D8305737B000C0A1C4 /* XCRemoteSwiftPackageReference "SwiftRPC" */;
			productName = SwiftRPC;
		};
		ED01015E30574BAB00C0A1C4 /* LibVorbis */ = {
			isa = XCSwiftPackageProductDependency;
			package = ED01015D30574BAB00C0A1C4 /* XCRemoteSwiftPackageReference "vorbis-swift" */;
			productName = LibVorbis;
		};
/* End XCSwiftPackageProductDependency section */

/* Begin XCVersionGroup section */
		ED59D2A824441D0000CF8617 /* catalog.xcdatamodeld */ = {
			isa = XCVersionGroup;
			children = (
				ED59D2A924441D0000CF8617 /* catalog.xcdatamodel */,
			);
			currentVersion = ED59D2A924441D0000CF8617 /* catalog.xcdatamodel */;
			path = catalog.xcdatamodeld;
			sourceTree = "<group>";
			versionGroupType = wrapper.xcdatamodel;
		};
/* End XCVersionGroup section */
	};
	rootObject = ED45BD0D202CC5FC00E4A9AD /* Project object */;
}
